// !$*UTF8*$!
{
	archiveVersion = 1;
	classes = {
	};
	objectVersion = 56;
	objects = {

/* Begin PBXBuildFile section */
		6DDBA1512ACFCE2F008ED8A1 /* LearningApp.swift in Sources */ = {isa = PBXBuildFile; fileRef = 6DDBA1502ACFCE2F008ED8A1 /* LearningApp.swift */; };
		6DDBA1532ACFCE2F008ED8A1 /* ContentView.swift in Sources */ = {isa = PBXBuildFile; fileRef = 6DDBA1522ACFCE2F008ED8A1 /* ContentView.swift */; };
		6DDBA1552ACFCE31008ED8A1 /* Assets.xcassets in Resources */ = {isa = PBXBuildFile; fileRef = 6DDBA1542ACFCE31008ED8A1 /* Assets.xcassets */; };
		6DDBA1592ACFCE31008ED8A1 /* Preview Assets.xcassets in Resources */ = {isa = PBXBuildFile; fileRef = 6DDBA1582ACFCE31008ED8A1 /* Preview Assets.xcassets */; };
		6DDBA1632ACFCE32008ED8A1 /* LearningTests.swift in Sources */ = {isa = PBXBuildFile; fileRef = 6DDBA1622ACFCE32008ED8A1 /* LearningTests.swift */; };
		6DDBA16D2ACFCE32008ED8A1 /* LearningUITests.swift in Sources */ = {isa = PBXBuildFile; fileRef = 6DDBA16C2ACFCE32008ED8A1 /* LearningUITests.swift */; };
		6DDBA16F2ACFCE32008ED8A1 /* LearningUITestsLaunchTests.swift in Sources */ = {isa = PBXBuildFile; fileRef = 6DDBA16E2ACFCE32008ED8A1 /* LearningUITestsLaunchTests.swift */; };
/* End PBXBuildFile section */

/* Begin PBXContainerItemProxy section */
		6DDBA15F2ACFCE32008ED8A1 /* PBXContainerItemProxy */ = {
			isa = PBXContainerItemProxy;
			containerPortal = 6DDBA1452ACFCE2E008ED8A1 /* Project object */;
			proxyType = 1;
			remoteGlobalIDString = 6DDBA14C2ACFCE2F008ED8A1;
			remoteInfo = Learning;
		};
		6DDBA1692ACFCE32008ED8A1 /* PBXContainerItemProxy */ = {
			isa = PBXContainerItemProxy;
			containerPortal = 6DDBA1452ACFCE2E008ED8A1 /* Project object */;
			proxyType = 1;
			remoteGlobalIDString = 6DDBA14C2ACFCE2F008ED8A1;
			remoteInfo = Learning;
		};
/* End PBXContainerItemProxy section */

/* Begin PBXFileReference section */
		6DDBA14D2ACFCE2F008ED8A1 /* Learning.app */ = {isa = PBXFileReference; explicitFileType = wrapper.application; includeInIndex = 0; path = Learning.app; sourceTree = BUILT_PRODUCTS_DIR; };
		6DDBA1502ACFCE2F008ED8A1 /* LearningApp.swift */ = {isa = PBXFileReference; lastKnownFileType = sourcecode.swift; path = LearningApp.swift; sourceTree = "<group>"; };
		6DDBA1522ACFCE2F008ED8A1 /* ContentView.swift */ = {isa = PBXFileReference; lastKnownFileType = sourcecode.swift; path = ContentView.swift; sourceTree = "<group>"; };
		6DDBA1542ACFCE31008ED8A1 /* Assets.xcassets */ = {isa = PBXFileReference; lastKnownFileType = folder.assetcatalog; path = Assets.xcassets; sourceTree = "<group>"; };
		6DDBA1562ACFCE31008ED8A1 /* Learning.entitlements */ = {isa = PBXFileReference; lastKnownFileType = text.plist.entitlements; path = Learning.entitlements; sourceTree = "<group>"; };
		6DDBA1582ACFCE31008ED8A1 /* Preview Assets.xcassets */ = {isa = PBXFileReference; lastKnownFileType = folder.assetcatalog; path = "Preview Assets.xcassets"; sourceTree = "<group>"; };
		6DDBA15E2ACFCE32008ED8A1 /* LearningTests.xctest */ = {isa = PBXFileReference; explicitFileType = wrapper.cfbundle; includeInIndex = 0; path = LearningTests.xctest; sourceTree = BUILT_PRODUCTS_DIR; };
		6DDBA1622ACFCE32008ED8A1 /* LearningTests.swift */ = {isa = PBXFileReference; lastKnownFileType = sourcecode.swift; path = LearningTests.swift; sourceTree = "<group>"; };
		6DDBA1682ACFCE32008ED8A1 /* LearningUITests.xctest */ = {isa = PBXFileReference; explicitFileType = wrapper.cfbundle; includeInIndex = 0; path = LearningUITests.xctest; sourceTree = BUILT_PRODUCTS_DIR; };
		6DDBA16C2ACFCE32008ED8A1 /* LearningUITests.swift */ = {isa = PBXFileReference; lastKnownFileType = sourcecode.swift; path = LearningUITests.swift; sourceTree = "<group>"; };
		6DDBA16E2ACFCE32008ED8A1 /* LearningUITestsLaunchTests.swift */ = {isa = PBXFileReference; lastKnownFileType = sourcecode.swift; path = LearningUITestsLaunchTests.swift; sourceTree = "<group>"; };
/* End PBXFileReference section */

/* Begin PBXFrameworksBuildPhase section */
		6DDBA14A2ACFCE2F008ED8A1 /* Frameworks */ = {
			isa = PBXFrameworksBuildPhase;
			buildActionMask = 2147483647;
			files = (
			);
			runOnlyForDeploymentPostprocessing = 0;
		};
		6DDBA15B2ACFCE32008ED8A1 /* Frameworks */ = {
			isa = PBXFrameworksBuildPhase;
			buildActionMask = 2147483647;
			files = (
			);
			runOnlyForDeploymentPostprocessing = 0;
		};
		6DDBA1652ACFCE32008ED8A1 /* Frameworks */ = {
			isa = PBXFrameworksBuildPhase;
			buildActionMask = 2147483647;
			files = (
			);
			runOnlyForDeploymentPostprocessing = 0;
		};
/* End PBXFrameworksBuildPhase section */

/* Begin PBXGroup section */
		6DDBA1442ACFCE2E008ED8A1 = {
			isa = PBXGroup;
			children = (
				6DDBA14F2ACFCE2F008ED8A1 /* Learning */,
				6DDBA1612ACFCE32008ED8A1 /* LearningTests */,
				6DDBA16B2ACFCE32008ED8A1 /* LearningUITests */,
				6DDBA14E2ACFCE2F008ED8A1 /* Products */,
			);
			sourceTree = "<group>";
		};
		6DDBA14E2ACFCE2F008ED8A1 /* Products */ = {
			isa = PBXGroup;
			children = (
				6DDBA14D2ACFCE2F008ED8A1 /* Learning.app */,
				6DDBA15E2ACFCE32008ED8A1 /* LearningTests.xctest */,
				6DDBA1682ACFCE32008ED8A1 /* LearningUITests.xctest */,
			);
			name = Products;
			sourceTree = "<group>";
		};
		6DDBA14F2ACFCE2F008ED8A1 /* Learning */ = {
			isa = PBXGroup;
			children = (
				6DDBA1502ACFCE2F008ED8A1 /* LearningApp.swift */,
				6DDBA1522ACFCE2F008ED8A1 /* ContentView.swift */,
				6DDBA1542ACFCE31008ED8A1 /* Assets.xcassets */,
				6DDBA1562ACFCE31008ED8A1 /* Learning.entitlements */,
				6DDBA1572ACFCE31008ED8A1 /* Preview Content */,
			);
			path = Learning;
			sourceTree = "<group>";
		};
		6DDBA1572ACFCE31008ED8A1 /* Preview Content */ = {
			isa = PBXGroup;
			children = (
				6DDBA1582ACFCE31008ED8A1 /* Preview Assets.xcassets */,
			);
			path = "Preview Content";
			sourceTree = "<group>";
		};
		6DDBA1612ACFCE32008ED8A1 /* LearningTests */ = {
			isa = PBXGroup;
			children = (
				6DDBA1622ACFCE32008ED8A1 /* LearningTests.swift */,
			);
			path = LearningTests;
			sourceTree = "<group>";
		};
		6DDBA16B2ACFCE32008ED8A1 /* LearningUITests */ = {
			isa = PBXGroup;
			children = (
				6DDBA16C2ACFCE32008ED8A1 /* LearningUITests.swift */,
				6DDBA16E2ACFCE32008ED8A1 /* LearningUITestsLaunchTests.swift */,
			);
			path = LearningUITests;
			sourceTree = "<group>";
		};
/* End PBXGroup section */

/* Begin PBXNativeTarget section */
		6DDBA14C2ACFCE2F008ED8A1 /* Learning */ = {
			isa = PBXNativeTarget;
			buildConfigurationList = 6DDBA1722ACFCE32008ED8A1 /* Build configuration list for PBXNativeTarget "Learning" */;
			buildPhases = (
				6DDBA1492ACFCE2F008ED8A1 /* Sources */,
				6DDBA14A2ACFCE2F008ED8A1 /* Frameworks */,
				6DDBA14B2ACFCE2F008ED8A1 /* Resources */,
			);
			buildRules = (
			);
			dependencies = (
			);
			name = Learning;
			productName = Learning;
			productReference = 6DDBA14D2ACFCE2F008ED8A1 /* Learning.app */;
			productType = "com.apple.product-type.application";
		};
		6DDBA15D2ACFCE32008ED8A1 /* LearningTests */ = {
			isa = PBXNativeTarget;
			buildConfigurationList = 6DDBA1752ACFCE32008ED8A1 /* Build configuration list for PBXNativeTarget "LearningTests" */;
			buildPhases = (
				6DDBA15A2ACFCE32008ED8A1 /* Sources */,
				6DDBA15B2ACFCE32008ED8A1 /* Frameworks */,
				6DDBA15C2ACFCE32008ED8A1 /* Resources */,
			);
			buildRules = (
			);
			dependencies = (
				6DDBA1602ACFCE32008ED8A1 /* PBXTargetDependency */,
			);
			name = LearningTests;
			productName = LearningTests;
			productReference = 6DDBA15E2ACFCE32008ED8A1 /* LearningTests.xctest */;
			productType = "com.apple.product-type.bundle.unit-test";
		};
		6DDBA1672ACFCE32008ED8A1 /* LearningUITests */ = {
			isa = PBXNativeTarget;
			buildConfigurationList = 6DDBA1782ACFCE32008ED8A1 /* Build configuration list for PBXNativeTarget "LearningUITests" */;
			buildPhases = (
				6DDBA1642ACFCE32008ED8A1 /* Sources */,
				6DDBA1652ACFCE32008ED8A1 /* Frameworks */,
				6DDBA1662ACFCE32008ED8A1 /* Resources */,
			);
			buildRules = (
			);
			dependencies = (
				6DDBA16A2ACFCE32008ED8A1 /* PBXTargetDependency */,
			);
			name = LearningUITests;
			productName = LearningUITests;
			productReference = 6DDBA1682ACFCE32008ED8A1 /* LearningUITests.xctest */;
			productType = "com.apple.product-type.bundle.ui-testing";
		};
/* End PBXNativeTarget section */

/* Begin PBXProject section */
		6DDBA1452ACFCE2E008ED8A1 /* Project object */ = {
			isa = PBXProject;
			attributes = {
				BuildIndependentTargetsInParallel = 1;
				LastSwiftUpdateCheck = 1430;
				LastUpgradeCheck = 1430;
				TargetAttributes = {
					6DDBA14C2ACFCE2F008ED8A1 = {
						CreatedOnToolsVersion = 14.3.1;
					};
					6DDBA15D2ACFCE32008ED8A1 = {
						CreatedOnToolsVersion = 14.3.1;
						TestTargetID = 6DDBA14C2ACFCE2F008ED8A1;
					};
					6DDBA1672ACFCE32008ED8A1 = {
						CreatedOnToolsVersion = 14.3.1;
						TestTargetID = 6DDBA14C2ACFCE2F008ED8A1;
					};
				};
			};
			buildConfigurationList = 6DDBA1482ACFCE2E008ED8A1 /* Build configuration list for PBXProject "Learning" */;
			compatibilityVersion = "Xcode 14.0";
			developmentRegion = en;
			hasScannedForEncodings = 0;
			knownRegions = (
				en,
				Base,
			);
			mainGroup = 6DDBA1442ACFCE2E008ED8A1;
			productRefGroup = 6DDBA14E2ACFCE2F008ED8A1 /* Products */;
			projectDirPath = "";
			projectRoot = "";
			targets = (
				6DDBA14C2ACFCE2F008ED8A1 /* Learning */,
				6DDBA15D2ACFCE32008ED8A1 /* LearningTests */,
				6DDBA1672ACFCE32008ED8A1 /* LearningUITests */,
			);
		};
/* End PBXProject section */

/* Begin PBXResourcesBuildPhase section */
		6DDBA14B2ACFCE2F008ED8A1 /* Resources */ = {
			isa = PBXResourcesBuildPhase;
			buildActionMask = 2147483647;
			files = (
				6DDBA1592ACFCE31008ED8A1 /* Preview Assets.xcassets in Resources */,
				6DDBA1552ACFCE31008ED8A1 /* Assets.xcassets in Resources */,
			);
			runOnlyForDeploymentPostprocessing = 0;
		};
		6DDBA15C2ACFCE32008ED8A1 /* Resources */ = {
			isa = PBXResourcesBuildPhase;
			buildActionMask = 2147483647;
			files = (
			);
			runOnlyForDeploymentPostprocessing = 0;
		};
		6DDBA1662ACFCE32008ED8A1 /* Resources */ = {
			isa = PBXResourcesBuildPhase;
			buildActionMask = 2147483647;
			files = (
			);
			runOnlyForDeploymentPostprocessing = 0;
		};
/* End PBXResourcesBuildPhase section */

/* Begin PBXSourcesBuildPhase section */
		6DDBA1492ACFCE2F008ED8A1 /* Sources */ = {
			isa = PBXSourcesBuildPhase;
			buildActionMask = 2147483647;
			files = (
				6DDBA1532ACFCE2F008ED8A1 /* ContentView.swift in Sources */,
				6DDBA1512ACFCE2F008ED8A1 /* LearningApp.swift in Sources */,
			);
			runOnlyForDeploymentPostprocessing = 0;
		};
		6DDBA15A2ACFCE32008ED8A1 /* Sources */ = {
			isa = PBXSourcesBuildPhase;
			buildActionMask = 2147483647;
			files = (
				6DDBA1632ACFCE32008ED8A1 /* LearningTests.swift in Sources */,
			);
			runOnlyForDeploymentPostprocessing = 0;
		};
		6DDBA1642ACFCE32008ED8A1 /* Sources */ = {
			isa = PBXSourcesBuildPhase;
			buildActionMask = 2147483647;
			files = (
				6DDBA16F2ACFCE32008ED8A1 /* LearningUITestsLaunchTests.swift in Sources */,
				6DDBA16D2ACFCE32008ED8A1 /* LearningUITests.swift in Sources */,
			);
			runOnlyForDeploymentPostprocessing = 0;
		};
/* End PBXSourcesBuildPhase section */

/* Begin PBXTargetDependency section */
		6DDBA1602ACFCE32008ED8A1 /* PBXTargetDependency */ = {
			isa = PBXTargetDependency;
			target = 6DDBA14C2ACFCE2F008ED8A1 /* Learning */;
			targetProxy = 6DDBA15F2ACFCE32008ED8A1 /* PBXContainerItemProxy */;
		};
		6DDBA16A2ACFCE32008ED8A1 /* PBXTargetDependency */ = {
			isa = PBXTargetDependency;
			target = 6DDBA14C2ACFCE2F008ED8A1 /* Learning */;
			targetProxy = 6DDBA1692ACFCE32008ED8A1 /* PBXContainerItemProxy */;
		};
/* End PBXTargetDependency section */

/* Begin XCBuildConfiguration section */
		6DDBA1702ACFCE32008ED8A1 /* Debug */ = {
			isa = XCBuildConfiguration;
			buildSettings = {
				ALWAYS_SEARCH_USER_PATHS = NO;
				CLANG_ANALYZER_NONNULL = YES;
				CLANG_ANALYZER_NUMBER_OBJECT_CONVERSION = YES_AGGRESSIVE;
				CLANG_CXX_LANGUAGE_STANDARD = "gnu++20";
				CLANG_ENABLE_MODULES = YES;
				CLANG_ENABLE_OBJC_ARC = YES;
				CLANG_ENABLE_OBJC_WEAK = YES;
				CLANG_WARN_BLOCK_CAPTURE_AUTORELEASING = YES;
				CLANG_WARN_BOOL_CONVERSION = YES;
				CLANG_WARN_COMMA = YES;
				CLANG_WARN_CONSTANT_CONVERSION = YES;
				CLANG_WARN_DEPRECATED_OBJC_IMPLEMENTATIONS = YES;
				CLANG_WARN_DIRECT_OBJC_ISA_USAGE = YES_ERROR;
				CLANG_WARN_DOCUMENTATION_COMMENTS = YES;
				CLANG_WARN_EMPTY_BODY = YES;
				CLANG_WARN_ENUM_CONVERSION = YES;
				CLANG_WARN_INFINITE_RECURSION = YES;
				CLANG_WARN_INT_CONVERSION = YES;
				CLANG_WARN_NON_LITERAL_NULL_CONVERSION = YES;
				CLANG_WARN_OBJC_IMPLICIT_RETAIN_SELF = YES;
				CLANG_WARN_OBJC_LITERAL_CONVERSION = YES;
				CLANG_WARN_OBJC_ROOT_CLASS = YES_ERROR;
				CLANG_WARN_QUOTED_INCLUDE_IN_FRAMEWORK_HEADER = YES;
				CLANG_WARN_RANGE_LOOP_ANALYSIS = YES;
				CLANG_WARN_STRICT_PROTOTYPES = YES;
				CLANG_WARN_SUSPICIOUS_MOVE = YES;
				CLANG_WARN_UNGUARDED_AVAILABILITY = YES_AGGRESSIVE;
				CLANG_WARN_UNREACHABLE_CODE = YES;
				CLANG_WARN__DUPLICATE_METHOD_MATCH = YES;
				COPY_PHASE_STRIP = NO;
				DEBUG_INFORMATION_FORMAT = dwarf;
				ENABLE_STRICT_OBJC_MSGSEND = YES;
				ENABLE_TESTABILITY = YES;
				GCC_C_LANGUAGE_STANDARD = gnu11;
				GCC_DYNAMIC_NO_PIC = NO;
				GCC_NO_COMMON_BLOCKS = YES;
				GCC_OPTIMIZATION_LEVEL = 0;
				GCC_PREPROCESSOR_DEFINITIONS = (
					"DEBUG=1",
					"$(inherited)",
				);
				GCC_WARN_64_TO_32_BIT_CONVERSION = YES;
				GCC_WARN_ABOUT_RETURN_TYPE = YES_ERROR;
				GCC_WARN_UNDECLARED_SELECTOR = YES;
				GCC_WARN_UNINITIALIZED_AUTOS = YES_AGGRESSIVE;
				GCC_WARN_UNUSED_FUNCTION = YES;
				GCC_WARN_UNUSED_VARIABLE = YES;
				MTL_ENABLE_DEBUG_INFO = INCLUDE_SOURCE;
				MTL_FAST_MATH = YES;
				ONLY_ACTIVE_ARCH = YES;
				SWIFT_ACTIVE_COMPILATION_CONDITIONS = DEBUG;
				SWIFT_OPTIMIZATION_LEVEL = "-Onone";
			};
			name = Debug;
		};
		6DDBA1712ACFCE32008ED8A1 /* Release */ = {
			isa = XCBuildConfiguration;
			buildSettings = {
				ALWAYS_SEARCH_USER_PATHS = NO;
				CLANG_ANALYZER_NONNULL = YES;
				CLANG_ANALYZER_NUMBER_OBJECT_CONVERSION = YES_AGGRESSIVE;
				CLANG_CXX_LANGUAGE_STANDARD = "gnu++20";
				CLANG_ENABLE_MODULES = YES;
				CLANG_ENABLE_OBJC_ARC = YES;
				CLANG_ENABLE_OBJC_WEAK = YES;
				CLANG_WARN_BLOCK_CAPTURE_AUTORELEASING = YES;
				CLANG_WARN_BOOL_CONVERSION = YES;
				CLANG_WARN_COMMA = YES;
				CLANG_WARN_CONSTANT_CONVERSION = YES;
				CLANG_WARN_DEPRECATED_OBJC_IMPLEMENTATIONS = YES;
				CLANG_WARN_DIRECT_OBJC_ISA_USAGE = YES_ERROR;
				CLANG_WARN_DOCUMENTATION_COMMENTS = YES;
				CLANG_WARN_EMPTY_BODY = YES;
				CLANG_WARN_ENUM_CONVERSION = YES;
				CLANG_WARN_INFINITE_RECURSION = YES;
				CLANG_WARN_INT_CONVERSION = YES;
				CLANG_WARN_NON_LITERAL_NULL_CONVERSION = YES;
				CLANG_WARN_OBJC_IMPLICIT_RETAIN_SELF = YES;
				CLANG_WARN_OBJC_LITERAL_CONVERSION = YES;
				CLANG_WARN_OBJC_ROOT_CLASS = YES_ERROR;
				CLANG_WARN_QUOTED_INCLUDE_IN_FRAMEWORK_HEADER = YES;
				CLANG_WARN_RANGE_LOOP_ANALYSIS = YES;
				CLANG_WARN_STRICT_PROTOTYPES = YES;
				CLANG_WARN_SUSPICIOUS_MOVE = YES;
				CLANG_WARN_UNGUARDED_AVAILABILITY = YES_AGGRESSIVE;
				CLANG_WARN_UNREACHABLE_CODE = YES;
				CLANG_WARN__DUPLICATE_METHOD_MATCH = YES;
				COPY_PHASE_STRIP = NO;
				DEBUG_INFORMATION_FORMAT = "dwarf-with-dsym";
				ENABLE_NS_ASSERTIONS = NO;
				ENABLE_STRICT_OBJC_MSGSEND = YES;
				GCC_C_LANGUAGE_STANDARD = gnu11;
				GCC_NO_COMMON_BLOCKS = YES;
				GCC_WARN_64_TO_32_BIT_CONVERSION = YES;
				GCC_WARN_ABOUT_RETURN_TYPE = YES_ERROR;
				GCC_WARN_UNDECLARED_SELECTOR = YES;
				GCC_WARN_UNINITIALIZED_AUTOS = YES_AGGRESSIVE;
				GCC_WARN_UNUSED_FUNCTION = YES;
				GCC_WARN_UNUSED_VARIABLE = YES;
				MTL_ENABLE_DEBUG_INFO = NO;
				MTL_FAST_MATH = YES;
				SWIFT_COMPILATION_MODE = wholemodule;
				SWIFT_OPTIMIZATION_LEVEL = "-O";
			};
			name = Release;
		};
		6DDBA1732ACFCE32008ED8A1 /* Debug */ = {
			isa = XCBuildConfiguration;
			buildSettings = {
				ASSETCATALOG_COMPILER_APPICON_NAME = AppIcon;
				ASSETCATALOG_COMPILER_GLOBAL_ACCENT_COLOR_NAME = AccentColor;
				CODE_SIGN_ENTITLEMENTS = Learning/Learning.entitlements;
				CODE_SIGN_STYLE = Automatic;
				CURRENT_PROJECT_VERSION = 1;
				DEVELOPMENT_ASSET_PATHS = "\"Learning/Preview Content\"";
				ENABLE_PREVIEWS = YES;
				GENERATE_INFOPLIST_FILE = YES;
				"INFOPLIST_KEY_UIApplicationSceneManifest_Generation[sdk=iphoneos*]" = YES;
				"INFOPLIST_KEY_UIApplicationSceneManifest_Generation[sdk=iphonesimulator*]" = YES;
				"INFOPLIST_KEY_UIApplicationSupportsIndirectInputEvents[sdk=iphoneos*]" = YES;
				"INFOPLIST_KEY_UIApplicationSupportsIndirectInputEvents[sdk=iphonesimulator*]" = YES;
				"INFOPLIST_KEY_UILaunchScreen_Generation[sdk=iphoneos*]" = YES;
				"INFOPLIST_KEY_UILaunchScreen_Generation[sdk=iphonesimulator*]" = YES;
				"INFOPLIST_KEY_UIStatusBarStyle[sdk=iphoneos*]" = UIStatusBarStyleDefault;
				"INFOPLIST_KEY_UIStatusBarStyle[sdk=iphonesimulator*]" = UIStatusBarStyleDefault;
				INFOPLIST_KEY_UISupportedInterfaceOrientations_iPad = "UIInterfaceOrientationPortrait UIInterfaceOrientationPortraitUpsideDown UIInterfaceOrientationLandscapeLeft UIInterfaceOrientationLandscapeRight";
				INFOPLIST_KEY_UISupportedInterfaceOrientations_iPhone = "UIInterfaceOrientationPortrait UIInterfaceOrientationLandscapeLeft UIInterfaceOrientationLandscapeRight";
				IPHONEOS_DEPLOYMENT_TARGET = 16.4;
				LD_RUNPATH_SEARCH_PATHS = "@executable_path/Frameworks";
				"LD_RUNPATH_SEARCH_PATHS[sdk=macosx*]" = "@executable_path/../Frameworks";
				MACOSX_DEPLOYMENT_TARGET = 13.3;
				MARKETING_VERSION = 1.0;
				PRODUCT_BUNDLE_IDENTIFIER = Viu.Learning;
				PRODUCT_NAME = "$(TARGET_NAME)";
				SDKROOT = auto;
				SUPPORTED_PLATFORMS = "iphoneos iphonesimulator macosx";
				SWIFT_EMIT_LOC_STRINGS = YES;
				SWIFT_VERSION = 5.0;
				TARGETED_DEVICE_FAMILY = "1,2";
			};
			name = Debug;
		};
		6DDBA1742ACFCE32008ED8A1 /* Release */ = {
			isa = XCBuildConfiguration;
			buildSettings = {
				ASSETCATALOG_COMPILER_APPICON_NAME = AppIcon;
				ASSETCATALOG_COMPILER_GLOBAL_ACCENT_COLOR_NAME = AccentColor;
				CODE_SIGN_ENTITLEMENTS = Learning/Learning.entitlements;
				CODE_SIGN_STYLE = Automatic;
				CURRENT_PROJECT_VERSION = 1;
				DEVELOPMENT_ASSET_PATHS = "\"Learning/Preview Content\"";
				ENABLE_PREVIEWS = YES;
				GENERATE_INFOPLIST_FILE = YES;
				"INFOPLIST_KEY_UIApplicationSceneManifest_Generation[sdk=iphoneos*]" = YES;
				"INFOPLIST_KEY_UIApplicationSceneManifest_Generation[sdk=iphonesimulator*]" = YES;
				"INFOPLIST_KEY_UIApplicationSupportsIndirectInputEvents[sdk=iphoneos*]" = YES;
				"INFOPLIST_KEY_UIApplicationSupportsIndirectInputEvents[sdk=iphonesimulator*]" = YES;
				"INFOPLIST_KEY_UILaunchScreen_Generation[sdk=iphoneos*]" = YES;
				"INFOPLIST_KEY_UILaunchScreen_Generation[sdk=iphonesimulator*]" = YES;
				"INFOPLIST_KEY_UIStatusBarStyle[sdk=iphoneos*]" = UIStatusBarStyleDefault;
				"INFOPLIST_KEY_UIStatusBarStyle[sdk=iphonesimulator*]" = UIStatusBarStyleDefault;
				INFOPLIST_KEY_UISupportedInterfaceOrientations_iPad = "UIInterfaceOrientationPortrait UIInterfaceOrientationPortraitUpsideDown UIInterfaceOrientationLandscapeLeft UIInterfaceOrientationLandscapeRight";
				INFOPLIST_KEY_UISupportedInterfaceOrientations_iPhone = "UIInterfaceOrientationPortrait UIInterfaceOrientationLandscapeLeft UIInterfaceOrientationLandscapeRight";
				IPHONEOS_DEPLOYMENT_TARGET = 16.4;
				LD_RUNPATH_SEARCH_PATHS = "@executable_path/Frameworks";
				"LD_RUNPATH_SEARCH_PATHS[sdk=macosx*]" = "@executable_path/../Frameworks";
				MACOSX_DEPLOYMENT_TARGET = 13.3;
				MARKETING_VERSION = 1.0;
				PRODUCT_BUNDLE_IDENTIFIER = Viu.Learning;
				PRODUCT_NAME = "$(TARGET_NAME)";
				SDKROOT = auto;
				SUPPORTED_PLATFORMS = "iphoneos iphonesimulator macosx";
				SWIFT_EMIT_LOC_STRINGS = YES;
				SWIFT_VERSION = 5.0;
				TARGETED_DEVICE_FAMILY = "1,2";
			};
			name = Release;
		};
		6DDBA1762ACFCE32008ED8A1 /* Debug */ = {
			isa = XCBuildConfiguration;
			buildSettings = {
				ALWAYS_EMBED_SWIFT_STANDARD_LIBRARIES = YES;
				BUNDLE_LOADER = "$(TEST_HOST)";
				CODE_SIGN_STYLE = Automatic;
				CURRENT_PROJECT_VERSION = 1;
				GENERATE_INFOPLIST_FILE = YES;
				IPHONEOS_DEPLOYMENT_TARGET = 16.4;
				MACOSX_DEPLOYMENT_TARGET = 13.3;
				MARKETING_VERSION = 1.0;
				PRODUCT_BUNDLE_IDENTIFIER = Viu.LearningTests;
				PRODUCT_NAME = "$(TARGET_NAME)";
				SDKROOT = auto;
				SUPPORTED_PLATFORMS = "iphoneos iphonesimulator macosx";
				SWIFT_EMIT_LOC_STRINGS = NO;
				SWIFT_VERSION = 5.0;
				TARGETED_DEVICE_FAMILY = "1,2";
				TEST_HOST = "$(BUILT_PRODUCTS_DIR)/Learning.app/$(BUNDLE_EXECUTABLE_FOLDER_PATH)/Learning";
			};
			name = Debug;
		};
		6DDBA1772ACFCE32008ED8A1 /* Release */ = {
			isa = XCBuildConfiguration;
			buildSettings = {
				ALWAYS_EMBED_SWIFT_STANDARD_LIBRARIES = YES;
				BUNDLE_LOADER = "$(TEST_HOST)";
				CODE_SIGN_STYLE = Automatic;
				CURRENT_PROJECT_VERSION = 1;
				GENERATE_INFOPLIST_FILE = YES;
				IPHONEOS_DEPLOYMENT_TARGET = 16.4;
				MACOSX_DEPLOYMENT_TARGET = 13.3;
				MARKETING_VERSION = 1.0;
				PRODUCT_BUNDLE_IDENTIFIER = Viu.LearningTests;
				PRODUCT_NAME = "$(TARGET_NAME)";
				SDKROOT = auto;
				SUPPORTED_PLATFORMS = "iphoneos iphonesimulator macosx";
				SWIFT_EMIT_LOC_STRINGS = NO;
				SWIFT_VERSION = 5.0;
				TARGETED_DEVICE_FAMILY = "1,2";
				TEST_HOST = "$(BUILT_PRODUCTS_DIR)/Learning.app/$(BUNDLE_EXECUTABLE_FOLDER_PATH)/Learning";
			};
			name = Release;
		};
		6DDBA1792ACFCE32008ED8A1 /* Debug */ = {
			isa = XCBuildConfiguration;
			buildSettings = {
				ALWAYS_EMBED_SWIFT_STANDARD_LIBRARIES = YES;
				CODE_SIGN_STYLE = Automatic;
				CURRENT_PROJECT_VERSION = 1;
				GENERATE_INFOPLIST_FILE = YES;
				IPHONEOS_DEPLOYMENT_TARGET = 16.4;
				MACOSX_DEPLOYMENT_TARGET = 13.3;
				MARKETING_VERSION = 1.0;
				PRODUCT_BUNDLE_IDENTIFIER = Viu.LearningUITests;
				PRODUCT_NAME = "$(TARGET_NAME)";
				SDKROOT = auto;
				SUPPORTED_PLATFORMS = "iphoneos iphonesimulator macosx";
				SWIFT_EMIT_LOC_STRINGS = NO;
				SWIFT_VERSION = 5.0;
				TARGETED_DEVICE_FAMILY = "1,2";
				TEST_TARGET_NAME = Learning;
			};
			name = Debug;
		};
		6DDBA17A2ACFCE32008ED8A1 /* Release */ = {
			isa = XCBuildConfiguration;
			buildSettings = {
				ALWAYS_EMBED_SWIFT_STANDARD_LIBRARIES = YES;
				CODE_SIGN_STYLE = Automatic;
				CURRENT_PROJECT_VERSION = 1;
				GENERATE_INFOPLIST_FILE = YES;
				IPHONEOS_DEPLOYMENT_TARGET = 16.4;
				MACOSX_DEPLOYMENT_TARGET = 13.3;
				MARKETING_VERSION = 1.0;
				PRODUCT_BUNDLE_IDENTIFIER = Viu.LearningUITests;
				PRODUCT_NAME = "$(TARGET_NAME)";
				SDKROOT = auto;
				SUPPORTED_PLATFORMS = "iphoneos iphonesimulator macosx";
				SWIFT_EMIT_LOC_STRINGS = NO;
				SWIFT_VERSION = 5.0;
				TARGETED_DEVICE_FAMILY = "1,2";
				TEST_TARGET_NAME = Learning;
			};
			name = Release;
		};
/* End XCBuildConfiguration section */

/* Begin XCConfigurationList section */
		6DDBA1482ACFCE2E008ED8A1 /* Build configuration list for PBXProject "Learning" */ = {
			isa = XCConfigurationList;
			buildConfigurations = (
				6DDBA1702ACFCE32008ED8A1 /* Debug */,
				6DDBA1712ACFCE32008ED8A1 /* Release */,
			);
			defaultConfigurationIsVisible = 0;
			defaultConfigurationName = Release;
		};
		6DDBA1722ACFCE32008ED8A1 /* Build configuration list for PBXNativeTarget "Learning" */ = {
			isa = XCConfigurationList;
			buildConfigurations = (
				6DDBA1732ACFCE32008ED8A1 /* Debug */,
				6DDBA1742ACFCE32008ED8A1 /* Release */,
			);
			defaultConfigurationIsVisible = 0;
			defaultConfigurationName = Release;
		};
		6DDBA1752ACFCE32008ED8A1 /* Build configuration list for PBXNativeTarget "LearningTests" */ = {
			isa = XCConfigurationList;
			buildConfigurations = (
				6DDBA1762ACFCE32008ED8A1 /* Debug */,
				6DDBA1772ACFCE32008ED8A1 /* Release */,
			);
			defaultConfigurationIsVisible = 0;
			defaultConfigurationName = Release;
		};
		6DDBA1782ACFCE32008ED8A1 /* Build configuration list for PBXNativeTarget "LearningUITests" */ = {
			isa = XCConfigurationList;
			buildConfigurations = (
				6DDBA1792ACFCE32008ED8A1 /* Debug */,
				6DDBA17A2ACFCE32008ED8A1 /* Release */,
			);
			defaultConfigurationIsVisible = 0;
			defaultConfigurationName = Release;
		};
/* End XCConfigurationList section */
	};
	rootObject = 6DDBA1452ACFCE2E008ED8A1 /* Project object */;
}
