// !$*UTF8*$!
{
	archiveVersion = 1;
	classes = {
	};
	objectVersion = 56;
	objects = {

/* Begin PBXBuildFile section */
		6DAE05AF2AFB68E6000D8284 /* AppDelegate.swift in Sources */ = {isa = PBXBuildFile; fileRef = 6DAE05AE2AFB68E6000D8284 /* AppDelegate.swift */; };
		6DAE05B12AFB68E6000D8284 /* SceneDelegate.swift in Sources */ = {isa = PBXBuildFile; fileRef = 6DAE05B02AFB68E6000D8284 /* SceneDelegate.swift */; };
		6DAE05B32AFB68E6000D8284 /* ViewController.swift in Sources */ = {isa = PBXBuildFile; fileRef = 6DAE05B22AFB68E6000D8284 /* ViewController.swift */; };
		6DAE05B62AFB68E6000D8284 /* Main.storyboard in Resources */ = {isa = PBXBuildFile; fileRef = 6DAE05B42AFB68E6000D8284 /* Main.storyboard */; };
		6DAE05B82AFB68E8000D8284 /* Assets.xcassets in Resources */ = {isa = PBXBuildFile; fileRef = 6DAE05B72AFB68E8000D8284 /* Assets.xcassets */; };
		6DAE05BB2AFB68E8000D8284 /* LaunchScreen.storyboard in Resources */ = {isa = PBXBuildFile; fileRef = 6DAE05B92AFB68E8000D8284 /* LaunchScreen.storyboard */; };
		6DAE05C62AFB68E8000D8284 /* MovieTitlesTests.swift in Sources */ = {isa = PBXBuildFile; fileRef = 6DAE05C52AFB68E8000D8284 /* MovieTitlesTests.swift */; };
		6DAE05D02AFB68E8000D8284 /* MovieTitlesUITests.swift in Sources */ = {isa = PBXBuildFile; fileRef = 6DAE05CF2AFB68E8000D8284 /* MovieTitlesUITests.swift */; };
		6DAE05D22AFB68E8000D8284 /* MovieTitlesUITestsLaunchTests.swift in Sources */ = {isa = PBXBuildFile; fileRef = 6DAE05D12AFB68E8000D8284 /* MovieTitlesUITestsLaunchTests.swift */; };
		6DAE05DF2AFB6A4E000D8284 /* MovieViewController.swift in Sources */ = {isa = PBXBuildFile; fileRef = 6DAE05DE2AFB6A4E000D8284 /* MovieViewController.swift */; };
		6DAE05E12AFB6AB7000D8284 /* MovieInteractor.swift in Sources */ = {isa = PBXBuildFile; fileRef = 6DAE05E02AFB6AB7000D8284 /* MovieInteractor.swift */; };
		6DAE05E32AFB6BB0000D8284 /* MovieWorker.swift in Sources */ = {isa = PBXBuildFile; fileRef = 6DAE05E22AFB6BB0000D8284 /* MovieWorker.swift */; };
		6DAE05E52AFB6BF8000D8284 /* MovieModels.swift in Sources */ = {isa = PBXBuildFile; fileRef = 6DAE05E42AFB6BF8000D8284 /* MovieModels.swift */; };
		6DAE05E72AFB6C77000D8284 /* MovieViewModel.swift in Sources */ = {isa = PBXBuildFile; fileRef = 6DAE05E62AFB6C77000D8284 /* MovieViewModel.swift */; };
		6DAE05E92AFB6E76000D8284 /* MoviePresenter.swift in Sources */ = {isa = PBXBuildFile; fileRef = 6DAE05E82AFB6E76000D8284 /* MoviePresenter.swift */; };
/* End PBXBuildFile section */

/* Begin PBXContainerItemProxy section */
		6DAE05C22AFB68E8000D8284 /* PBXContainerItemProxy */ = {
			isa = PBXContainerItemProxy;
			containerPortal = 6DAE05A32AFB68E6000D8284 /* Project object */;
			proxyType = 1;
			remoteGlobalIDString = 6DAE05AA2AFB68E6000D8284;
			remoteInfo = MovieTitles;
		};
		6DAE05CC2AFB68E8000D8284 /* PBXContainerItemProxy */ = {
			isa = PBXContainerItemProxy;
			containerPortal = 6DAE05A32AFB68E6000D8284 /* Project object */;
			proxyType = 1;
			remoteGlobalIDString = 6DAE05AA2AFB68E6000D8284;
			remoteInfo = MovieTitles;
		};
/* End PBXContainerItemProxy section */

/* Begin PBXFileReference section */
		6DAE05AB2AFB68E6000D8284 /* MovieTitles.app */ = {isa = PBXFileReference; explicitFileType = wrapper.application; includeInIndex = 0; path = MovieTitles.app; sourceTree = BUILT_PRODUCTS_DIR; };
		6DAE05AE2AFB68E6000D8284 /* AppDelegate.swift */ = {isa = PBXFileReference; lastKnownFileType = sourcecode.swift; path = AppDelegate.swift; sourceTree = "<group>"; };
		6DAE05B02AFB68E6000D8284 /* SceneDelegate.swift */ = {isa = PBXFileReference; lastKnownFileType = sourcecode.swift; path = SceneDelegate.swift; sourceTree = "<group>"; };
		6DAE05B22AFB68E6000D8284 /* ViewController.swift */ = {isa = PBXFileReference; lastKnownFileType = sourcecode.swift; path = ViewController.swift; sourceTree = "<group>"; };
		6DAE05B52AFB68E6000D8284 /* Base */ = {isa = PBXFileReference; lastKnownFileType = file.storyboard; name = Base; path = Base.lproj/Main.storyboard; sourceTree = "<group>"; };
		6DAE05B72AFB68E8000D8284 /* Assets.xcassets */ = {isa = PBXFileReference; lastKnownFileType = folder.assetcatalog; path = Assets.xcassets; sourceTree = "<group>"; };
		6DAE05BA2AFB68E8000D8284 /* Base */ = {isa = PBXFileReference; lastKnownFileType = file.storyboard; name = Base; path = Base.lproj/LaunchScreen.storyboard; sourceTree = "<group>"; };
		6DAE05BC2AFB68E8000D8284 /* Info.plist */ = {isa = PBXFileReference; lastKnownFileType = text.plist.xml; path = Info.plist; sourceTree = "<group>"; };
		6DAE05C12AFB68E8000D8284 /* MovieTitlesTests.xctest */ = {isa = PBXFileReference; explicitFileType = wrapper.cfbundle; includeInIndex = 0; path = MovieTitlesTests.xctest; sourceTree = BUILT_PRODUCTS_DIR; };
		6DAE05C52AFB68E8000D8284 /* MovieTitlesTests.swift */ = {isa = PBXFileReference; lastKnownFileType = sourcecode.swift; path = MovieTitlesTests.swift; sourceTree = "<group>"; };
		6DAE05CB2AFB68E8000D8284 /* MovieTitlesUITests.xctest */ = {isa = PBXFileReference; explicitFileType = wrapper.cfbundle; includeInIndex = 0; path = MovieTitlesUITests.xctest; sourceTree = BUILT_PRODUCTS_DIR; };
		6DAE05CF2AFB68E8000D8284 /* MovieTitlesUITests.swift */ = {isa = PBXFileReference; lastKnownFileType = sourcecode.swift; path = MovieTitlesUITests.swift; sourceTree = "<group>"; };
		6DAE05D12AFB68E8000D8284 /* MovieTitlesUITestsLaunchTests.swift */ = {isa = PBXFileReference; lastKnownFileType = sourcecode.swift; path = MovieTitlesUITestsLaunchTests.swift; sourceTree = "<group>"; };
		6DAE05DE2AFB6A4E000D8284 /* MovieViewController.swift */ = {isa = PBXFileReference; lastKnownFileType = sourcecode.swift; path = MovieViewController.swift; sourceTree = "<group>"; };
		6DAE05E02AFB6AB7000D8284 /* MovieInteractor.swift */ = {isa = PBXFileReference; lastKnownFileType = sourcecode.swift; path = MovieInteractor.swift; sourceTree = "<group>"; };
		6DAE05E22AFB6BB0000D8284 /* MovieWorker.swift */ = {isa = PBXFileReference; lastKnownFileType = sourcecode.swift; path = MovieWorker.swift; sourceTree = "<group>"; };
		6DAE05E42AFB6BF8000D8284 /* MovieModels.swift */ = {isa = PBXFileReference; lastKnownFileType = sourcecode.swift; path = MovieModels.swift; sourceTree = "<group>"; };
		6DAE05E62AFB6C77000D8284 /* MovieViewModel.swift */ = {isa = PBXFileReference; lastKnownFileType = sourcecode.swift; path = MovieViewModel.swift; sourceTree = "<group>"; };
		6DAE05E82AFB6E76000D8284 /* MoviePresenter.swift */ = {isa = PBXFileReference; lastKnownFileType = sourcecode.swift; path = MoviePresenter.swift; sourceTree = "<group>"; };
/* End PBXFileReference section */

/* Begin PBXFrameworksBuildPhase section */
		6DAE05A82AFB68E6000D8284 /* Frameworks */ = {
			isa = PBXFrameworksBuildPhase;
			buildActionMask = 2147483647;
			files = (
			);
			runOnlyForDeploymentPostprocessing = 0;
		};
		6DAE05BE2AFB68E8000D8284 /* Frameworks */ = {
			isa = PBXFrameworksBuildPhase;
			buildActionMask = 2147483647;
			files = (
			);
			runOnlyForDeploymentPostprocessing = 0;
		};
		6DAE05C82AFB68E8000D8284 /* Frameworks */ = {
			isa = PBXFrameworksBuildPhase;
			buildActionMask = 2147483647;
			files = (
			);
			runOnlyForDeploymentPostprocessing = 0;
		};
/* End PBXFrameworksBuildPhase section */

/* Begin PBXGroup section */
		6DAE05A22AFB68E6000D8284 = {
			isa = PBXGroup;
			children = (
				6DAE05AD2AFB68E6000D8284 /* MovieTitles */,
				6DAE05C42AFB68E8000D8284 /* MovieTitlesTests */,
				6DAE05CE2AFB68E8000D8284 /* MovieTitlesUITests */,
				6DAE05AC2AFB68E6000D8284 /* Products */,
			);
			sourceTree = "<group>";
		};
		6DAE05AC2AFB68E6000D8284 /* Products */ = {
			isa = PBXGroup;
			children = (
				6DAE05AB2AFB68E6000D8284 /* MovieTitles.app */,
				6DAE05C12AFB68E8000D8284 /* MovieTitlesTests.xctest */,
				6DAE05CB2AFB68E8000D8284 /* MovieTitlesUITests.xctest */,
			);
			name = Products;
			sourceTree = "<group>";
		};
		6DAE05AD2AFB68E6000D8284 /* MovieTitles */ = {
			isa = PBXGroup;
			children = (
				6DAE05AE2AFB68E6000D8284 /* AppDelegate.swift */,
				6DAE05B02AFB68E6000D8284 /* SceneDelegate.swift */,
				6DAE05B22AFB68E6000D8284 /* ViewController.swift */,
				6DAE05DE2AFB6A4E000D8284 /* MovieViewController.swift */,
				6DAE05E02AFB6AB7000D8284 /* MovieInteractor.swift */,
				6DAE05E82AFB6E76000D8284 /* MoviePresenter.swift */,
				6DAE05E22AFB6BB0000D8284 /* MovieWorker.swift */,
				6DAE05E42AFB6BF8000D8284 /* MovieModels.swift */,
				6DAE05E62AFB6C77000D8284 /* MovieViewModel.swift */,
				6DAE05B42AFB68E6000D8284 /* Main.storyboard */,
				6DAE05B72AFB68E8000D8284 /* Assets.xcassets */,
				6DAE05B92AFB68E8000D8284 /* LaunchScreen.storyboard */,
				6DAE05BC2AFB68E8000D8284 /* Info.plist */,
			);
			path = MovieTitles;
			sourceTree = "<group>";
		};
		6DAE05C42AFB68E8000D8284 /* MovieTitlesTests */ = {
			isa = PBXGroup;
			children = (
				6DAE05C52AFB68E8000D8284 /* MovieTitlesTests.swift */,
			);
			path = MovieTitlesTests;
			sourceTree = "<group>";
		};
		6DAE05CE2AFB68E8000D8284 /* MovieTitlesUITests */ = {
			isa = PBXGroup;
			children = (
				6DAE05CF2AFB68E8000D8284 /* MovieTitlesUITests.swift */,
				6DAE05D12AFB68E8000D8284 /* MovieTitlesUITestsLaunchTests.swift */,
			);
			path = MovieTitlesUITests;
			sourceTree = "<group>";
		};
/* End PBXGroup section */

/* Begin PBXNativeTarget section */
		6DAE05AA2AFB68E6000D8284 /* MovieTitles */ = {
			isa = PBXNativeTarget;
			buildConfigurationList = 6DAE05D52AFB68E8000D8284 /* Build configuration list for PBXNativeTarget "MovieTitles" */;
			buildPhases = (
				6DAE05A72AFB68E6000D8284 /* Sources */,
				6DAE05A82AFB68E6000D8284 /* Frameworks */,
				6DAE05A92AFB68E6000D8284 /* Resources */,
			);
			buildRules = (
			);
			dependencies = (
			);
			name = MovieTitles;
			productName = MovieTitles;
			productReference = 6DAE05AB2AFB68E6000D8284 /* MovieTitles.app */;
			productType = "com.apple.product-type.application";
		};
		6DAE05C02AFB68E8000D8284 /* MovieTitlesTests */ = {
			isa = PBXNativeTarget;
			buildConfigurationList = 6DAE05D82AFB68E8000D8284 /* Build configuration list for PBXNativeTarget "MovieTitlesTests" */;
			buildPhases = (
				6DAE05BD2AFB68E8000D8284 /* Sources */,
				6DAE05BE2AFB68E8000D8284 /* Frameworks */,
				6DAE05BF2AFB68E8000D8284 /* Resources */,
			);
			buildRules = (
			);
			dependencies = (
				6DAE05C32AFB68E8000D8284 /* PBXTargetDependency */,
			);
			name = MovieTitlesTests;
			productName = MovieTitlesTests;
			productReference = 6DAE05C12AFB68E8000D8284 /* MovieTitlesTests.xctest */;
			productType = "com.apple.product-type.bundle.unit-test";
		};
		6DAE05CA2AFB68E8000D8284 /* MovieTitlesUITests */ = {
			isa = PBXNativeTarget;
			buildConfigurationList = 6DAE05DB2AFB68E8000D8284 /* Build configuration list for PBXNativeTarget "MovieTitlesUITests" */;
			buildPhases = (
				6DAE05C72AFB68E8000D8284 /* Sources */,
				6DAE05C82AFB68E8000D8284 /* Frameworks */,
				6DAE05C92AFB68E8000D8284 /* Resources */,
			);
			buildRules = (
			);
			dependencies = (
				6DAE05CD2AFB68E8000D8284 /* PBXTargetDependency */,
			);
			name = MovieTitlesUITests;
			productName = MovieTitlesUITests;
			productReference = 6DAE05CB2AFB68E8000D8284 /* MovieTitlesUITests.xctest */;
			productType = "com.apple.product-type.bundle.ui-testing";
		};
/* End PBXNativeTarget section */

/* Begin PBXProject section */
		6DAE05A32AFB68E6000D8284 /* Project object */ = {
			isa = PBXProject;
			attributes = {
				BuildIndependentTargetsInParallel = 1;
				LastSwiftUpdateCheck = 1420;
				LastUpgradeCheck = 1420;
				TargetAttributes = {
					6DAE05AA2AFB68E6000D8284 = {
						CreatedOnToolsVersion = 14.2;
					};
					6DAE05C02AFB68E8000D8284 = {
						CreatedOnToolsVersion = 14.2;
						TestTargetID = 6DAE05AA2AFB68E6000D8284;
					};
					6DAE05CA2AFB68E8000D8284 = {
						CreatedOnToolsVersion = 14.2;
						TestTargetID = 6DAE05AA2AFB68E6000D8284;
					};
				};
			};
			buildConfigurationList = 6DAE05A62AFB68E6000D8284 /* Build configuration list for PBXProject "MovieTitles" */;
			compatibilityVersion = "Xcode 14.0";
			developmentRegion = en;
			hasScannedForEncodings = 0;
			knownRegions = (
				en,
				Base,
			);
			mainGroup = 6DAE05A22AFB68E6000D8284;
			productRefGroup = 6DAE05AC2AFB68E6000D8284 /* Products */;
			projectDirPath = "";
			projectRoot = "";
			targets = (
				6DAE05AA2AFB68E6000D8284 /* MovieTitles */,
				6DAE05C02AFB68E8000D8284 /* MovieTitlesTests */,
				6DAE05CA2AFB68E8000D8284 /* MovieTitlesUITests */,
			);
		};
/* End PBXProject section */

/* Begin PBXResourcesBuildPhase section */
		6DAE05A92AFB68E6000D8284 /* Resources */ = {
			isa = PBXResourcesBuildPhase;
			buildActionMask = 2147483647;
			files = (
				6DAE05BB2AFB68E8000D8284 /* LaunchScreen.storyboard in Resources */,
				6DAE05B82AFB68E8000D8284 /* Assets.xcassets in Resources */,
				6DAE05B62AFB68E6000D8284 /* Main.storyboard in Resources */,
			);
			runOnlyForDeploymentPostprocessing = 0;
		};
		6DAE05BF2AFB68E8000D8284 /* Resources */ = {
			isa = PBXResourcesBuildPhase;
			buildActionMask = 2147483647;
			files = (
			);
			runOnlyForDeploymentPostprocessing = 0;
		};
		6DAE05C92AFB68E8000D8284 /* Resources */ = {
			isa = PBXResourcesBuildPhase;
			buildActionMask = 2147483647;
			files = (
			);
			runOnlyForDeploymentPostprocessing = 0;
		};
/* End PBXResourcesBuildPhase section */

/* Begin PBXSourcesBuildPhase section */
		6DAE05A72AFB68E6000D8284 /* Sources */ = {
			isa = PBXSourcesBuildPhase;
			buildActionMask = 2147483647;
			files = (
				6DAE05E12AFB6AB7000D8284 /* MovieInteractor.swift in Sources */,
				6DAE05E52AFB6BF8000D8284 /* MovieModels.swift in Sources */,
				6DAE05B32AFB68E6000D8284 /* ViewController.swift in Sources */,
				6DAE05E72AFB6C77000D8284 /* MovieViewModel.swift in Sources */,
				6DAE05E32AFB6BB0000D8284 /* MovieWorker.swift in Sources */,
				6DAE05AF2AFB68E6000D8284 /* AppDelegate.swift in Sources */,
				6DAE05B12AFB68E6000D8284 /* SceneDelegate.swift in Sources */,
				6DAE05E92AFB6E76000D8284 /* MoviePresenter.swift in Sources */,
				6DAE05DF2AFB6A4E000D8284 /* MovieViewController.swift in Sources */,
			);
			runOnlyForDeploymentPostprocessing = 0;
		};
		6DAE05BD2AFB68E8000D8284 /* Sources */ = {
			isa = PBXSourcesBuildPhase;
			buildActionMask = 2147483647;
			files = (
				6DAE05C62AFB68E8000D8284 /* MovieTitlesTests.swift in Sources */,
			);
			runOnlyForDeploymentPostprocessing = 0;
		};
		6DAE05C72AFB68E8000D8284 /* Sources */ = {
			isa = PBXSourcesBuildPhase;
			buildActionMask = 2147483647;
			files = (
				6DAE05D22AFB68E8000D8284 /* MovieTitlesUITestsLaunchTests.swift in Sources */,
				6DAE05D02AFB68E8000D8284 /* MovieTitlesUITests.swift in Sources */,
			);
			runOnlyForDeploymentPostprocessing = 0;
		};
/* End PBXSourcesBuildPhase section */

/* Begin PBXTargetDependency section */
		6DAE05C32AFB68E8000D8284 /* PBXTargetDependency */ = {
			isa = PBXTargetDependency;
			target = 6DAE05AA2AFB68E6000D8284 /* MovieTitles */;
			targetProxy = 6DAE05C22AFB68E8000D8284 /* PBXContainerItemProxy */;
		};
		6DAE05CD2AFB68E8000D8284 /* PBXTargetDependency */ = {
			isa = PBXTargetDependency;
			target = 6DAE05AA2AFB68E6000D8284 /* MovieTitles */;
			targetProxy = 6DAE05CC2AFB68E8000D8284 /* PBXContainerItemProxy */;
		};
/* End PBXTargetDependency section */

/* Begin PBXVariantGroup section */
		6DAE05B42AFB68E6000D8284 /* Main.storyboard */ = {
			isa = PBXVariantGroup;
			children = (
				6DAE05B52AFB68E6000D8284 /* Base */,
			);
			name = Main.storyboard;
			sourceTree = "<group>";
		};
		6DAE05B92AFB68E8000D8284 /* LaunchScreen.storyboard */ = {
			isa = PBXVariantGroup;
			children = (
				6DAE05BA2AFB68E8000D8284 /* Base */,
			);
			name = LaunchScreen.storyboard;
			sourceTree = "<group>";
		};
/* End PBXVariantGroup section */

/* Begin XCBuildConfiguration section */
		6DAE05D32AFB68E8000D8284 /* Debug */ = {
			isa = XCBuildConfiguration;
			buildSettings = {
				ALWAYS_SEARCH_USER_PATHS = NO;
				CLANG_ANALYZER_NONNULL = YES;
				CLANG_ANALYZER_NUMBER_OBJECT_CONVERSION = YES_AGGRESSIVE;
				CLANG_CXX_LANGUAGE_STANDARD = "gnu++20";
				CLANG_ENABLE_MODULES = YES;
				CLANG_ENABLE_OBJC_ARC = YES;
				CLANG_ENABLE_OBJC_WEAK = YES;
				CLANG_WARN_BLOCK_CAPTURE_AUTORELEASING = YES;
				CLANG_WARN_BOOL_CONVERSION = YES;
				CLANG_WARN_COMMA = YES;
				CLANG_WARN_CONSTANT_CONVERSION = YES;
				CLANG_WARN_DEPRECATED_OBJC_IMPLEMENTATIONS = YES;
				CLANG_WARN_DIRECT_OBJC_ISA_USAGE = YES_ERROR;
				CLANG_WARN_DOCUMENTATION_COMMENTS = YES;
				CLANG_WARN_EMPTY_BODY = YES;
				CLANG_WARN_ENUM_CONVERSION = YES;
				CLANG_WARN_INFINITE_RECURSION = YES;
				CLANG_WARN_INT_CONVERSION = YES;
				CLANG_WARN_NON_LITERAL_NULL_CONVERSION = YES;
				CLANG_WARN_OBJC_IMPLICIT_RETAIN_SELF = YES;
				CLANG_WARN_OBJC_LITERAL_CONVERSION = YES;
				CLANG_WARN_OBJC_ROOT_CLASS = YES_ERROR;
				CLANG_WARN_QUOTED_INCLUDE_IN_FRAMEWORK_HEADER = YES;
				CLANG_WARN_RANGE_LOOP_ANALYSIS = YES;
				CLANG_WARN_STRICT_PROTOTYPES = YES;
				CLANG_WARN_SUSPICIOUS_MOVE = YES;
				CLANG_WARN_UNGUARDED_AVAILABILITY = YES_AGGRESSIVE;
				CLANG_WARN_UNREACHABLE_CODE = YES;
				CLANG_WARN__DUPLICATE_METHOD_MATCH = YES;
				COPY_PHASE_STRIP = NO;
				DEBUG_INFORMATION_FORMAT = dwarf;
				ENABLE_STRICT_OBJC_MSGSEND = YES;
				ENABLE_TESTABILITY = YES;
				GCC_C_LANGUAGE_STANDARD = gnu11;
				GCC_DYNAMIC_NO_PIC = NO;
				GCC_NO_COMMON_BLOCKS = YES;
				GCC_OPTIMIZATION_LEVEL = 0;
				GCC_PREPROCESSOR_DEFINITIONS = (
					"DEBUG=1",
					"$(inherited)",
				);
				GCC_WARN_64_TO_32_BIT_CONVERSION = YES;
				GCC_WARN_ABOUT_RETURN_TYPE = YES_ERROR;
				GCC_WARN_UNDECLARED_SELECTOR = YES;
				GCC_WARN_UNINITIALIZED_AUTOS = YES_AGGRESSIVE;
				GCC_WARN_UNUSED_FUNCTION = YES;
				GCC_WARN_UNUSED_VARIABLE = YES;
				IPHONEOS_DEPLOYMENT_TARGET = 16.2;
				MTL_ENABLE_DEBUG_INFO = INCLUDE_SOURCE;
				MTL_FAST_MATH = YES;
				ONLY_ACTIVE_ARCH = YES;
				SDKROOT = iphoneos;
				SWIFT_ACTIVE_COMPILATION_CONDITIONS = DEBUG;
				SWIFT_OPTIMIZATION_LEVEL = "-Onone";
			};
			name = Debug;
		};
		6DAE05D42AFB68E8000D8284 /* Release */ = {
			isa = XCBuildConfiguration;
			buildSettings = {
				ALWAYS_SEARCH_USER_PATHS = NO;
				CLANG_ANALYZER_NONNULL = YES;
				CLANG_ANALYZER_NUMBER_OBJECT_CONVERSION = YES_AGGRESSIVE;
				CLANG_CXX_LANGUAGE_STANDARD = "gnu++20";
				CLANG_ENABLE_MODULES = YES;
				CLANG_ENABLE_OBJC_ARC = YES;
				CLANG_ENABLE_OBJC_WEAK = YES;
				CLANG_WARN_BLOCK_CAPTURE_AUTORELEASING = YES;
				CLANG_WARN_BOOL_CONVERSION = YES;
				CLANG_WARN_COMMA = YES;
				CLANG_WARN_CONSTANT_CONVERSION = YES;
				CLANG_WARN_DEPRECATED_OBJC_IMPLEMENTATIONS = YES;
				CLANG_WARN_DIRECT_OBJC_ISA_USAGE = YES_ERROR;
				CLANG_WARN_DOCUMENTATION_COMMENTS = YES;
				CLANG_WARN_EMPTY_BODY = YES;
				CLANG_WARN_ENUM_CONVERSION = YES;
				CLANG_WARN_INFINITE_RECURSION = YES;
				CLANG_WARN_INT_CONVERSION = YES;
				CLANG_WARN_NON_LITERAL_NULL_CONVERSION = YES;
				CLANG_WARN_OBJC_IMPLICIT_RETAIN_SELF = YES;
				CLANG_WARN_OBJC_LITERAL_CONVERSION = YES;
				CLANG_WARN_OBJC_ROOT_CLASS = YES_ERROR;
				CLANG_WARN_QUOTED_INCLUDE_IN_FRAMEWORK_HEADER = YES;
				CLANG_WARN_RANGE_LOOP_ANALYSIS = YES;
				CLANG_WARN_STRICT_PROTOTYPES = YES;
				CLANG_WARN_SUSPICIOUS_MOVE = YES;
				CLANG_WARN_UNGUARDED_AVAILABILITY = YES_AGGRESSIVE;
				CLANG_WARN_UNREACHABLE_CODE = YES;
				CLANG_WARN__DUPLICATE_METHOD_MATCH = YES;
				COPY_PHASE_STRIP = NO;
				DEBUG_INFORMATION_FORMAT = "dwarf-with-dsym";
				ENABLE_NS_ASSERTIONS = NO;
				ENABLE_STRICT_OBJC_MSGSEND = YES;
				GCC_C_LANGUAGE_STANDARD = gnu11;
				GCC_NO_COMMON_BLOCKS = YES;
				GCC_WARN_64_TO_32_BIT_CONVERSION = YES;
				GCC_WARN_ABOUT_RETURN_TYPE = YES_ERROR;
				GCC_WARN_UNDECLARED_SELECTOR = YES;
				GCC_WARN_UNINITIALIZED_AUTOS = YES_AGGRESSIVE;
				GCC_WARN_UNUSED_FUNCTION = YES;
				GCC_WARN_UNUSED_VARIABLE = YES;
				IPHONEOS_DEPLOYMENT_TARGET = 16.2;
				MTL_ENABLE_DEBUG_INFO = NO;
				MTL_FAST_MATH = YES;
				SDKROOT = iphoneos;
				SWIFT_COMPILATION_MODE = wholemodule;
				SWIFT_OPTIMIZATION_LEVEL = "-O";
				VALIDATE_PRODUCT = YES;
			};
			name = Release;
		};
		6DAE05D62AFB68E8000D8284 /* Debug */ = {
			isa = XCBuildConfiguration;
			buildSettings = {
				ASSETCATALOG_COMPILER_APPICON_NAME = AppIcon;
				ASSETCATALOG_COMPILER_GLOBAL_ACCENT_COLOR_NAME = AccentColor;
				CODE_SIGN_STYLE = Automatic;
				CURRENT_PROJECT_VERSION = 1;
				GENERATE_INFOPLIST_FILE = YES;
				INFOPLIST_FILE = MovieTitles/Info.plist;
				INFOPLIST_KEY_UIApplicationSupportsIndirectInputEvents = YES;
				INFOPLIST_KEY_UILaunchStoryboardName = LaunchScreen;
				INFOPLIST_KEY_UIMainStoryboardFile = Main;
				INFOPLIST_KEY_UISupportedInterfaceOrientations_iPad = "UIInterfaceOrientationPortrait UIInterfaceOrientationPortraitUpsideDown UIInterfaceOrientationLandscapeLeft UIInterfaceOrientationLandscapeRight";
				INFOPLIST_KEY_UISupportedInterfaceOrientations_iPhone = "UIInterfaceOrientationPortrait UIInterfaceOrientationLandscapeLeft UIInterfaceOrientationLandscapeRight";
				LD_RUNPATH_SEARCH_PATHS = (
					"$(inherited)",
					"@executable_path/Frameworks",
				);
				MARKETING_VERSION = 1.0;
				PRODUCT_BUNDLE_IDENTIFIER = com.Viu.Temp.MovieTitles;
				PRODUCT_NAME = "$(TARGET_NAME)";
				SWIFT_EMIT_LOC_STRINGS = YES;
				SWIFT_VERSION = 5.0;
				TARGETED_DEVICE_FAMILY = "1,2";
			};
			name = Debug;
		};
		6DAE05D72AFB68E8000D8284 /* Release */ = {
			isa = XCBuildConfiguration;
			buildSettings = {
				ASSETCATALOG_COMPILER_APPICON_NAME = AppIcon;
				ASSETCATALOG_COMPILER_GLOBAL_ACCENT_COLOR_NAME = AccentColor;
				CODE_SIGN_STYLE = Automatic;
				CURRENT_PROJECT_VERSION = 1;
				GENERATE_INFOPLIST_FILE = YES;
				INFOPLIST_FILE = MovieTitles/Info.plist;
				INFOPLIST_KEY_UIApplicationSupportsIndirectInputEvents = YES;
				INFOPLIST_KEY_UILaunchStoryboardName = LaunchScreen;
				INFOPLIST_KEY_UIMainStoryboardFile = Main;
				INFOPLIST_KEY_UISupportedInterfaceOrientations_iPad = "UIInterfaceOrientationPortrait UIInterfaceOrientationPortraitUpsideDown UIInterfaceOrientationLandscapeLeft UIInterfaceOrientationLandscapeRight";
				INFOPLIST_KEY_UISupportedInterfaceOrientations_iPhone = "UIInterfaceOrientationPortrait UIInterfaceOrientationLandscapeLeft UIInterfaceOrientationLandscapeRight";
				LD_RUNPATH_SEARCH_PATHS = (
					"$(inherited)",
					"@executable_path/Frameworks",
				);
				MARKETING_VERSION = 1.0;
				PRODUCT_BUNDLE_IDENTIFIER = com.Viu.Temp.MovieTitles;
				PRODUCT_NAME = "$(TARGET_NAME)";
				SWIFT_EMIT_LOC_STRINGS = YES;
				SWIFT_VERSION = 5.0;
				TARGETED_DEVICE_FAMILY = "1,2";
			};
			name = Release;
		};
		6DAE05D92AFB68E8000D8284 /* Debug */ = {
			isa = XCBuildConfiguration;
			buildSettings = {
				ALWAYS_EMBED_SWIFT_STANDARD_LIBRARIES = YES;
				BUNDLE_LOADER = "$(TEST_HOST)";
				CODE_SIGN_STYLE = Automatic;
				CURRENT_PROJECT_VERSION = 1;
				GENERATE_INFOPLIST_FILE = YES;
				IPHONEOS_DEPLOYMENT_TARGET = 16.2;
				MARKETING_VERSION = 1.0;
				PRODUCT_BUNDLE_IDENTIFIER = com.Viu.Temp.MovieTitlesTests;
				PRODUCT_NAME = "$(TARGET_NAME)";
				SWIFT_EMIT_LOC_STRINGS = NO;
				SWIFT_VERSION = 5.0;
				TARGETED_DEVICE_FAMILY = "1,2";
				TEST_HOST = "$(BUILT_PRODUCTS_DIR)/MovieTitles.app/$(BUNDLE_EXECUTABLE_FOLDER_PATH)/MovieTitles";
			};
			name = Debug;
		};
		6DAE05DA2AFB68E8000D8284 /* Release */ = {
			isa = XCBuildConfiguration;
			buildSettings = {
				ALWAYS_EMBED_SWIFT_STANDARD_LIBRARIES = YES;
				BUNDLE_LOADER = "$(TEST_HOST)";
				CODE_SIGN_STYLE = Automatic;
				CURRENT_PROJECT_VERSION = 1;
				GENERATE_INFOPLIST_FILE = YES;
				IPHONEOS_DEPLOYMENT_TARGET = 16.2;
				MARKETING_VERSION = 1.0;
				PRODUCT_BUNDLE_IDENTIFIER = com.Viu.Temp.MovieTitlesTests;
				PRODUCT_NAME = "$(TARGET_NAME)";
				SWIFT_EMIT_LOC_STRINGS = NO;
				SWIFT_VERSION = 5.0;
				TARGETED_DEVICE_FAMILY = "1,2";
				TEST_HOST = "$(BUILT_PRODUCTS_DIR)/MovieTitles.app/$(BUNDLE_EXECUTABLE_FOLDER_PATH)/MovieTitles";
			};
			name = Release;
		};
		6DAE05DC2AFB68E8000D8284 /* Debug */ = {
			isa = XCBuildConfiguration;
			buildSettings = {
				ALWAYS_EMBED_SWIFT_STANDARD_LIBRARIES = YES;
				CODE_SIGN_STYLE = Automatic;
				CURRENT_PROJECT_VERSION = 1;
				GENERATE_INFOPLIST_FILE = YES;
				MARKETING_VERSION = 1.0;
				PRODUCT_BUNDLE_IDENTIFIER = com.Viu.Temp.MovieTitlesUITests;
				PRODUCT_NAME = "$(TARGET_NAME)";
				SWIFT_EMIT_LOC_STRINGS = NO;
				SWIFT_VERSION = 5.0;
				TARGETED_DEVICE_FAMILY = "1,2";
				TEST_TARGET_NAME = MovieTitles;
			};
			name = Debug;
		};
		6DAE05DD2AFB68E8000D8284 /* Release */ = {
			isa = XCBuildConfiguration;
			buildSettings = {
				ALWAYS_EMBED_SWIFT_STANDARD_LIBRARIES = YES;
				CODE_SIGN_STYLE = Automatic;
				CURRENT_PROJECT_VERSION = 1;
				GENERATE_INFOPLIST_FILE = YES;
				MARKETING_VERSION = 1.0;
				PRODUCT_BUNDLE_IDENTIFIER = com.Viu.Temp.MovieTitlesUITests;
				PRODUCT_NAME = "$(TARGET_NAME)";
				SWIFT_EMIT_LOC_STRINGS = NO;
				SWIFT_VERSION = 5.0;
				TARGETED_DEVICE_FAMILY = "1,2";
				TEST_TARGET_NAME = MovieTitles;
			};
			name = Release;
		};
/* End XCBuildConfiguration section */

/* Begin XCConfigurationList section */
		6DAE05A62AFB68E6000D8284 /* Build configuration list for PBXProject "MovieTitles" */ = {
			isa = XCConfigurationList;
			buildConfigurations = (
				6DAE05D32AFB68E8000D8284 /* Debug */,
				6DAE05D42AFB68E8000D8284 /* Release */,
			);
			defaultConfigurationIsVisible = 0;
			defaultConfigurationName = Release;
		};
		6DAE05D52AFB68E8000D8284 /* Build configuration list for PBXNativeTarget "MovieTitles" */ = {
			isa = XCConfigurationList;
			buildConfigurations = (
				6DAE05D62AFB68E8000D8284 /* Debug */,
				6DAE05D72AFB68E8000D8284 /* Release */,
			);
			defaultConfigurationIsVisible = 0;
			defaultConfigurationName = Release;
		};
		6DAE05D82AFB68E8000D8284 /* Build configuration list for PBXNativeTarget "MovieTitlesTests" */ = {
			isa = XCConfigurationList;
			buildConfigurations = (
				6DAE05D92AFB68E8000D8284 /* Debug */,
				6DAE05DA2AFB68E8000D8284 /* Release */,
			);
			defaultConfigurationIsVisible = 0;
			defaultConfigurationName = Release;
		};
		6DAE05DB2AFB68E8000D8284 /* Build configuration list for PBXNativeTarget "MovieTitlesUITests" */ = {
			isa = XCConfigurationList;
			buildConfigurations = (
				6DAE05DC2AFB68E8000D8284 /* Debug */,
				6DAE05DD2AFB68E8000D8284 /* Release */,
			);
			defaultConfigurationIsVisible = 0;
			defaultConfigurationName = Release;
		};
/* End XCConfigurationList section */
	};
	rootObject = 6DAE05A32AFB68E6000D8284 /* Project object */;
}
