// !$*UTF8*$!
{
	archiveVersion = 1;
	classes = {
	};
	objectVersion = 56;
	objects = {

/* Begin PBXBuildFile section */
		6DD933A42AEA4AB900D16DE4 /* AppDelegate.swift in Sources */ = {isa = PBXBuildFile; fileRef = 6DD933A32AEA4AB900D16DE4 /* AppDelegate.swift */; };
		6DD933A62AEA4AB900D16DE4 /* SceneDelegate.swift in Sources */ = {isa = PBXBuildFile; fileRef = 6DD933A52AEA4AB900D16DE4 /* SceneDelegate.swift */; };
		6DD933A82AEA4AB900D16DE4 /* ViewController.swift in Sources */ = {isa = PBXBuildFile; fileRef = 6DD933A72AEA4AB900D16DE4 /* ViewController.swift */; };
		6DD933AB2AEA4AB900D16DE4 /* Main.storyboard in Resources */ = {isa = PBXBuildFile; fileRef = 6DD933A92AEA4AB900D16DE4 /* Main.storyboard */; };
		6DD933AD2AEA4ABB00D16DE4 /* Assets.xcassets in Resources */ = {isa = PBXBuildFile; fileRef = 6DD933AC2AEA4ABB00D16DE4 /* Assets.xcassets */; };
		6DD933B02AEA4ABB00D16DE4 /* LaunchScreen.storyboard in Resources */ = {isa = PBXBuildFile; fileRef = 6DD933AE2AEA4ABB00D16DE4 /* LaunchScreen.storyboard */; };
		6DD933BB2AEA4ABC00D16DE4 /* QuotesTests.swift in Sources */ = {isa = PBXBuildFile; fileRef = 6DD933BA2AEA4ABC00D16DE4 /* QuotesTests.swift */; };
		6DD933C52AEA4ABC00D16DE4 /* QuotesUITests.swift in Sources */ = {isa = PBXBuildFile; fileRef = 6DD933C42AEA4ABC00D16DE4 /* QuotesUITests.swift */; };
		6DD933C72AEA4ABC00D16DE4 /* QuotesUITestsLaunchTests.swift in Sources */ = {isa = PBXBuildFile; fileRef = 6DD933C62AEA4ABC00D16DE4 /* QuotesUITestsLaunchTests.swift */; };
		6DD933D42AEA512D00D16DE4 /* Kanye.swift in Sources */ = {isa = PBXBuildFile; fileRef = 6DD933D32AEA512D00D16DE4 /* Kanye.swift */; };
		6DD933D62AEA51B900D16DE4 /* Networker.swift in Sources */ = {isa = PBXBuildFile; fileRef = 6DD933D52AEA51B900D16DE4 /* Networker.swift */; };
/* End PBXBuildFile section */

/* Begin PBXContainerItemProxy section */
		6DD933B72AEA4ABC00D16DE4 /* PBXContainerItemProxy */ = {
			isa = PBXContainerItemProxy;
			containerPortal = 6DD933982AEA4AB900D16DE4 /* Project object */;
			proxyType = 1;
			remoteGlobalIDString = 6DD9339F2AEA4AB900D16DE4;
			remoteInfo = Quotes;
		};
		6DD933C12AEA4ABC00D16DE4 /* PBXContainerItemProxy */ = {
			isa = PBXContainerItemProxy;
			containerPortal = 6DD933982AEA4AB900D16DE4 /* Project object */;
			proxyType = 1;
			remoteGlobalIDString = 6DD9339F2AEA4AB900D16DE4;
			remoteInfo = Quotes;
		};
/* End PBXContainerItemProxy section */

/* Begin PBXFileReference section */
		6DD933A02AEA4AB900D16DE4 /* Quotes.app */ = {isa = PBXFileReference; explicitFileType = wrapper.application; includeInIndex = 0; path = Quotes.app; sourceTree = BUILT_PRODUCTS_DIR; };
		6DD933A32AEA4AB900D16DE4 /* AppDelegate.swift */ = {isa = PBXFileReference; lastKnownFileType = sourcecode.swift; path = AppDelegate.swift; sourceTree = "<group>"; };
		6DD933A52AEA4AB900D16DE4 /* SceneDelegate.swift */ = {isa = PBXFileReference; lastKnownFileType = sourcecode.swift; path = SceneDelegate.swift; sourceTree = "<group>"; };
		6DD933A72AEA4AB900D16DE4 /* ViewController.swift */ = {isa = PBXFileReference; lastKnownFileType = sourcecode.swift; path = ViewController.swift; sourceTree = "<group>"; };
		6DD933AA2AEA4AB900D16DE4 /* Base */ = {isa = PBXFileReference; lastKnownFileType = file.storyboard; name = Base; path = Base.lproj/Main.storyboard; sourceTree = "<group>"; };
		6DD933AC2AEA4ABB00D16DE4 /* Assets.xcassets */ = {isa = PBXFileReference; lastKnownFileType = folder.assetcatalog; path = Assets.xcassets; sourceTree = "<group>"; };
		6DD933AF2AEA4ABB00D16DE4 /* Base */ = {isa = PBXFileReference; lastKnownFileType = file.storyboard; name = Base; path = Base.lproj/LaunchScreen.storyboard; sourceTree = "<group>"; };
		6DD933B12AEA4ABB00D16DE4 /* Info.plist */ = {isa = PBXFileReference; lastKnownFileType = text.plist.xml; path = Info.plist; sourceTree = "<group>"; };
		6DD933B62AEA4ABC00D16DE4 /* QuotesTests.xctest */ = {isa = PBXFileReference; explicitFileType = wrapper.cfbundle; includeInIndex = 0; path = QuotesTests.xctest; sourceTree = BUILT_PRODUCTS_DIR; };
		6DD933BA2AEA4ABC00D16DE4 /* QuotesTests.swift */ = {isa = PBXFileReference; lastKnownFileType = sourcecode.swift; path = QuotesTests.swift; sourceTree = "<group>"; };
		6DD933C02AEA4ABC00D16DE4 /* QuotesUITests.xctest */ = {isa = PBXFileReference; explicitFileType = wrapper.cfbundle; includeInIndex = 0; path = QuotesUITests.xctest; sourceTree = BUILT_PRODUCTS_DIR; };
		6DD933C42AEA4ABC00D16DE4 /* QuotesUITests.swift */ = {isa = PBXFileReference; lastKnownFileType = sourcecode.swift; path = QuotesUITests.swift; sourceTree = "<group>"; };
		6DD933C62AEA4ABC00D16DE4 /* QuotesUITestsLaunchTests.swift */ = {isa = PBXFileReference; lastKnownFileType = sourcecode.swift; path = QuotesUITestsLaunchTests.swift; sourceTree = "<group>"; };
		6DD933D32AEA512D00D16DE4 /* Kanye.swift */ = {isa = PBXFileReference; lastKnownFileType = sourcecode.swift; path = Kanye.swift; sourceTree = "<group>"; };
		6DD933D52AEA51B900D16DE4 /* Networker.swift */ = {isa = PBXFileReference; lastKnownFileType = sourcecode.swift; path = Networker.swift; sourceTree = "<group>"; };
/* End PBXFileReference section */

/* Begin PBXFrameworksBuildPhase section */
		6DD9339D2AEA4AB900D16DE4 /* Frameworks */ = {
			isa = PBXFrameworksBuildPhase;
			buildActionMask = 2147483647;
			files = (
			);
			runOnlyForDeploymentPostprocessing = 0;
		};
		6DD933B32AEA4ABC00D16DE4 /* Frameworks */ = {
			isa = PBXFrameworksBuildPhase;
			buildActionMask = 2147483647;
			files = (
			);
			runOnlyForDeploymentPostprocessing = 0;
		};
		6DD933BD2AEA4ABC00D16DE4 /* Frameworks */ = {
			isa = PBXFrameworksBuildPhase;
			buildActionMask = 2147483647;
			files = (
			);
			runOnlyForDeploymentPostprocessing = 0;
		};
/* End PBXFrameworksBuildPhase section */

/* Begin PBXGroup section */
		6DD933972AEA4AB900D16DE4 = {
			isa = PBXGroup;
			children = (
				6DD933A22AEA4AB900D16DE4 /* Quotes */,
				6DD933B92AEA4ABC00D16DE4 /* QuotesTests */,
				6DD933C32AEA4ABC00D16DE4 /* QuotesUITests */,
				6DD933A12AEA4AB900D16DE4 /* Products */,
			);
			sourceTree = "<group>";
		};
		6DD933A12AEA4AB900D16DE4 /* Products */ = {
			isa = PBXGroup;
			children = (
				6DD933A02AEA4AB900D16DE4 /* Quotes.app */,
				6DD933B62AEA4ABC00D16DE4 /* QuotesTests.xctest */,
				6DD933C02AEA4ABC00D16DE4 /* QuotesUITests.xctest */,
			);
			name = Products;
			sourceTree = "<group>";
		};
		6DD933A22AEA4AB900D16DE4 /* Quotes */ = {
			isa = PBXGroup;
			children = (
				6DD933A32AEA4AB900D16DE4 /* AppDelegate.swift */,
				6DD933A52AEA4AB900D16DE4 /* SceneDelegate.swift */,
				6DD933A72AEA4AB900D16DE4 /* ViewController.swift */,
				6DD933D52AEA51B900D16DE4 /* Networker.swift */,
				6DD933A92AEA4AB900D16DE4 /* Main.storyboard */,
				6DD933D32AEA512D00D16DE4 /* Kanye.swift */,
				6DD933AC2AEA4ABB00D16DE4 /* Assets.xcassets */,
				6DD933AE2AEA4ABB00D16DE4 /* LaunchScreen.storyboard */,
				6DD933B12AEA4ABB00D16DE4 /* Info.plist */,
			);
			path = Quotes;
			sourceTree = "<group>";
		};
		6DD933B92AEA4ABC00D16DE4 /* QuotesTests */ = {
			isa = PBXGroup;
			children = (
				6DD933BA2AEA4ABC00D16DE4 /* QuotesTests.swift */,
			);
			path = QuotesTests;
			sourceTree = "<group>";
		};
		6DD933C32AEA4ABC00D16DE4 /* QuotesUITests */ = {
			isa = PBXGroup;
			children = (
				6DD933C42AEA4ABC00D16DE4 /* QuotesUITests.swift */,
				6DD933C62AEA4ABC00D16DE4 /* QuotesUITestsLaunchTests.swift */,
			);
			path = QuotesUITests;
			sourceTree = "<group>";
		};
/* End PBXGroup section */

/* Begin PBXNativeTarget section */
		6DD9339F2AEA4AB900D16DE4 /* Quotes */ = {
			isa = PBXNativeTarget;
			buildConfigurationList = 6DD933CA2AEA4ABC00D16DE4 /* Build configuration list for PBXNativeTarget "Quotes" */;
			buildPhases = (
				6DD9339C2AEA4AB900D16DE4 /* Sources */,
				6DD9339D2AEA4AB900D16DE4 /* Frameworks */,
				6DD9339E2AEA4AB900D16DE4 /* Resources */,
			);
			buildRules = (
			);
			dependencies = (
			);
			name = Quotes;
			productName = Quotes;
			productReference = 6DD933A02AEA4AB900D16DE4 /* Quotes.app */;
			productType = "com.apple.product-type.application";
		};
		6DD933B52AEA4ABC00D16DE4 /* QuotesTests */ = {
			isa = PBXNativeTarget;
			buildConfigurationList = 6DD933CD2AEA4ABC00D16DE4 /* Build configuration list for PBXNativeTarget "QuotesTests" */;
			buildPhases = (
				6DD933B22AEA4ABC00D16DE4 /* Sources */,
				6DD933B32AEA4ABC00D16DE4 /* Frameworks */,
				6DD933B42AEA4ABC00D16DE4 /* Resources */,
			);
			buildRules = (
			);
			dependencies = (
				6DD933B82AEA4ABC00D16DE4 /* PBXTargetDependency */,
			);
			name = QuotesTests;
			productName = QuotesTests;
			productReference = 6DD933B62AEA4ABC00D16DE4 /* QuotesTests.xctest */;
			productType = "com.apple.product-type.bundle.unit-test";
		};
		6DD933BF2AEA4ABC00D16DE4 /* QuotesUITests */ = {
			isa = PBXNativeTarget;
			buildConfigurationList = 6DD933D02AEA4ABC00D16DE4 /* Build configuration list for PBXNativeTarget "QuotesUITests" */;
			buildPhases = (
				6DD933BC2AEA4ABC00D16DE4 /* Sources */,
				6DD933BD2AEA4ABC00D16DE4 /* Frameworks */,
				6DD933BE2AEA4ABC00D16DE4 /* Resources */,
			);
			buildRules = (
			);
			dependencies = (
				6DD933C22AEA4ABC00D16DE4 /* PBXTargetDependency */,
			);
			name = QuotesUITests;
			productName = QuotesUITests;
			productReference = 6DD933C02AEA4ABC00D16DE4 /* QuotesUITests.xctest */;
			productType = "com.apple.product-type.bundle.ui-testing";
		};
/* End PBXNativeTarget section */

/* Begin PBXProject section */
		6DD933982AEA4AB900D16DE4 /* Project object */ = {
			isa = PBXProject;
			attributes = {
				BuildIndependentTargetsInParallel = 1;
				LastSwiftUpdateCheck = 1420;
				LastUpgradeCheck = 1420;
				TargetAttributes = {
					6DD9339F2AEA4AB900D16DE4 = {
						CreatedOnToolsVersion = 14.2;
					};
					6DD933B52AEA4ABC00D16DE4 = {
						CreatedOnToolsVersion = 14.2;
						TestTargetID = 6DD9339F2AEA4AB900D16DE4;
					};
					6DD933BF2AEA4ABC00D16DE4 = {
						CreatedOnToolsVersion = 14.2;
						TestTargetID = 6DD9339F2AEA4AB900D16DE4;
					};
				};
			};
			buildConfigurationList = 6DD9339B2AEA4AB900D16DE4 /* Build configuration list for PBXProject "Quotes" */;
			compatibilityVersion = "Xcode 14.0";
			developmentRegion = en;
			hasScannedForEncodings = 0;
			knownRegions = (
				en,
				Base,
			);
			mainGroup = 6DD933972AEA4AB900D16DE4;
			productRefGroup = 6DD933A12AEA4AB900D16DE4 /* Products */;
			projectDirPath = "";
			projectRoot = "";
			targets = (
				6DD9339F2AEA4AB900D16DE4 /* Quotes */,
				6DD933B52AEA4ABC00D16DE4 /* QuotesTests */,
				6DD933BF2AEA4ABC00D16DE4 /* QuotesUITests */,
			);
		};
/* End PBXProject section */

/* Begin PBXResourcesBuildPhase section */
		6DD9339E2AEA4AB900D16DE4 /* Resources */ = {
			isa = PBXResourcesBuildPhase;
			buildActionMask = 2147483647;
			files = (
				6DD933B02AEA4ABB00D16DE4 /* LaunchScreen.storyboard in Resources */,
				6DD933AD2AEA4ABB00D16DE4 /* Assets.xcassets in Resources */,
				6DD933AB2AEA4AB900D16DE4 /* Main.storyboard in Resources */,
			);
			runOnlyForDeploymentPostprocessing = 0;
		};
		6DD933B42AEA4ABC00D16DE4 /* Resources */ = {
			isa = PBXResourcesBuildPhase;
			buildActionMask = 2147483647;
			files = (
			);
			runOnlyForDeploymentPostprocessing = 0;
		};
		6DD933BE2AEA4ABC00D16DE4 /* Resources */ = {
			isa = PBXResourcesBuildPhase;
			buildActionMask = 2147483647;
			files = (
			);
			runOnlyForDeploymentPostprocessing = 0;
		};
/* End PBXResourcesBuildPhase section */

/* Begin PBXSourcesBuildPhase section */
		6DD9339C2AEA4AB900D16DE4 /* Sources */ = {
			isa = PBXSourcesBuildPhase;
			buildActionMask = 2147483647;
			files = (
				6DD933D62AEA51B900D16DE4 /* Networker.swift in Sources */,
				6DD933A82AEA4AB900D16DE4 /* ViewController.swift in Sources */,
				6DD933A42AEA4AB900D16DE4 /* AppDelegate.swift in Sources */,
				6DD933D42AEA512D00D16DE4 /* Kanye.swift in Sources */,
				6DD933A62AEA4AB900D16DE4 /* SceneDelegate.swift in Sources */,
			);
			runOnlyForDeploymentPostprocessing = 0;
		};
		6DD933B22AEA4ABC00D16DE4 /* Sources */ = {
			isa = PBXSourcesBuildPhase;
			buildActionMask = 2147483647;
			files = (
				6DD933BB2AEA4ABC00D16DE4 /* QuotesTests.swift in Sources */,
			);
			runOnlyForDeploymentPostprocessing = 0;
		};
		6DD933BC2AEA4ABC00D16DE4 /* Sources */ = {
			isa = PBXSourcesBuildPhase;
			buildActionMask = 2147483647;
			files = (
				6DD933C52AEA4ABC00D16DE4 /* QuotesUITests.swift in Sources */,
				6DD933C72AEA4ABC00D16DE4 /* QuotesUITestsLaunchTests.swift in Sources */,
			);
			runOnlyForDeploymentPostprocessing = 0;
		};
/* End PBXSourcesBuildPhase section */

/* Begin PBXTargetDependency section */
		6DD933B82AEA4ABC00D16DE4 /* PBXTargetDependency */ = {
			isa = PBXTargetDependency;
			target = 6DD9339F2AEA4AB900D16DE4 /* Quotes */;
			targetProxy = 6DD933B72AEA4ABC00D16DE4 /* PBXContainerItemProxy */;
		};
		6DD933C22AEA4ABC00D16DE4 /* PBXTargetDependency */ = {
			isa = PBXTargetDependency;
			target = 6DD9339F2AEA4AB900D16DE4 /* Quotes */;
			targetProxy = 6DD933C12AEA4ABC00D16DE4 /* PBXContainerItemProxy */;
		};
/* End PBXTargetDependency section */

/* Begin PBXVariantGroup section */
		6DD933A92AEA4AB900D16DE4 /* Main.storyboard */ = {
			isa = PBXVariantGroup;
			children = (
				6DD933AA2AEA4AB900D16DE4 /* Base */,
			);
			name = Main.storyboard;
			sourceTree = "<group>";
		};
		6DD933AE2AEA4ABB00D16DE4 /* LaunchScreen.storyboard */ = {
			isa = PBXVariantGroup;
			children = (
				6DD933AF2AEA4ABB00D16DE4 /* Base */,
			);
			name = LaunchScreen.storyboard;
			sourceTree = "<group>";
		};
/* End PBXVariantGroup section */

/* Begin XCBuildConfiguration section */
		6DD933C82AEA4ABC00D16DE4 /* Debug */ = {
			isa = XCBuildConfiguration;
			buildSettings = {
				ALWAYS_SEARCH_USER_PATHS = NO;
				CLANG_ANALYZER_NONNULL = YES;
				CLANG_ANALYZER_NUMBER_OBJECT_CONVERSION = YES_AGGRESSIVE;
				CLANG_CXX_LANGUAGE_STANDARD = "gnu++20";
				CLANG_ENABLE_MODULES = YES;
				CLANG_ENABLE_OBJC_ARC = YES;
				CLANG_ENABLE_OBJC_WEAK = YES;
				CLANG_WARN_BLOCK_CAPTURE_AUTORELEASING = YES;
				CLANG_WARN_BOOL_CONVERSION = YES;
				CLANG_WARN_COMMA = YES;
				CLANG_WARN_CONSTANT_CONVERSION = YES;
				CLANG_WARN_DEPRECATED_OBJC_IMPLEMENTATIONS = YES;
				CLANG_WARN_DIRECT_OBJC_ISA_USAGE = YES_ERROR;
				CLANG_WARN_DOCUMENTATION_COMMENTS = YES;
				CLANG_WARN_EMPTY_BODY = YES;
				CLANG_WARN_ENUM_CONVERSION = YES;
				CLANG_WARN_INFINITE_RECURSION = YES;
				CLANG_WARN_INT_CONVERSION = YES;
				CLANG_WARN_NON_LITERAL_NULL_CONVERSION = YES;
				CLANG_WARN_OBJC_IMPLICIT_RETAIN_SELF = YES;
				CLANG_WARN_OBJC_LITERAL_CONVERSION = YES;
				CLANG_WARN_OBJC_ROOT_CLASS = YES_ERROR;
				CLANG_WARN_QUOTED_INCLUDE_IN_FRAMEWORK_HEADER = YES;
				CLANG_WARN_RANGE_LOOP_ANALYSIS = YES;
				CLANG_WARN_STRICT_PROTOTYPES = YES;
				CLANG_WARN_SUSPICIOUS_MOVE = YES;
				CLANG_WARN_UNGUARDED_AVAILABILITY = YES_AGGRESSIVE;
				CLANG_WARN_UNREACHABLE_CODE = YES;
				CLANG_WARN__DUPLICATE_METHOD_MATCH = YES;
				COPY_PHASE_STRIP = NO;
				DEBUG_INFORMATION_FORMAT = dwarf;
				ENABLE_STRICT_OBJC_MSGSEND = YES;
				ENABLE_TESTABILITY = YES;
				GCC_C_LANGUAGE_STANDARD = gnu11;
				GCC_DYNAMIC_NO_PIC = NO;
				GCC_NO_COMMON_BLOCKS = YES;
				GCC_OPTIMIZATION_LEVEL = 0;
				GCC_PREPROCESSOR_DEFINITIONS = (
					"DEBUG=1",
					"$(inherited)",
				);
				GCC_WARN_64_TO_32_BIT_CONVERSION = YES;
				GCC_WARN_ABOUT_RETURN_TYPE = YES_ERROR;
				GCC_WARN_UNDECLARED_SELECTOR = YES;
				GCC_WARN_UNINITIALIZED_AUTOS = YES_AGGRESSIVE;
				GCC_WARN_UNUSED_FUNCTION = YES;
				GCC_WARN_UNUSED_VARIABLE = YES;
				IPHONEOS_DEPLOYMENT_TARGET = 16.2;
				MTL_ENABLE_DEBUG_INFO = INCLUDE_SOURCE;
				MTL_FAST_MATH = YES;
				ONLY_ACTIVE_ARCH = YES;
				SDKROOT = iphoneos;
				SWIFT_ACTIVE_COMPILATION_CONDITIONS = DEBUG;
				SWIFT_OPTIMIZATION_LEVEL = "-Onone";
			};
			name = Debug;
		};
		6DD933C92AEA4ABC00D16DE4 /* Release */ = {
			isa = XCBuildConfiguration;
			buildSettings = {
				ALWAYS_SEARCH_USER_PATHS = NO;
				CLANG_ANALYZER_NONNULL = YES;
				CLANG_ANALYZER_NUMBER_OBJECT_CONVERSION = YES_AGGRESSIVE;
				CLANG_CXX_LANGUAGE_STANDARD = "gnu++20";
				CLANG_ENABLE_MODULES = YES;
				CLANG_ENABLE_OBJC_ARC = YES;
				CLANG_ENABLE_OBJC_WEAK = YES;
				CLANG_WARN_BLOCK_CAPTURE_AUTORELEASING = YES;
				CLANG_WARN_BOOL_CONVERSION = YES;
				CLANG_WARN_COMMA = YES;
				CLANG_WARN_CONSTANT_CONVERSION = YES;
				CLANG_WARN_DEPRECATED_OBJC_IMPLEMENTATIONS = YES;
				CLANG_WARN_DIRECT_OBJC_ISA_USAGE = YES_ERROR;
				CLANG_WARN_DOCUMENTATION_COMMENTS = YES;
				CLANG_WARN_EMPTY_BODY = YES;
				CLANG_WARN_ENUM_CONVERSION = YES;
				CLANG_WARN_INFINITE_RECURSION = YES;
				CLANG_WARN_INT_CONVERSION = YES;
				CLANG_WARN_NON_LITERAL_NULL_CONVERSION = YES;
				CLANG_WARN_OBJC_IMPLICIT_RETAIN_SELF = YES;
				CLANG_WARN_OBJC_LITERAL_CONVERSION = YES;
				CLANG_WARN_OBJC_ROOT_CLASS = YES_ERROR;
				CLANG_WARN_QUOTED_INCLUDE_IN_FRAMEWORK_HEADER = YES;
				CLANG_WARN_RANGE_LOOP_ANALYSIS = YES;
				CLANG_WARN_STRICT_PROTOTYPES = YES;
				CLANG_WARN_SUSPICIOUS_MOVE = YES;
				CLANG_WARN_UNGUARDED_AVAILABILITY = YES_AGGRESSIVE;
				CLANG_WARN_UNREACHABLE_CODE = YES;
				CLANG_WARN__DUPLICATE_METHOD_MATCH = YES;
				COPY_PHASE_STRIP = NO;
				DEBUG_INFORMATION_FORMAT = "dwarf-with-dsym";
				ENABLE_NS_ASSERTIONS = NO;
				ENABLE_STRICT_OBJC_MSGSEND = YES;
				GCC_C_LANGUAGE_STANDARD = gnu11;
				GCC_NO_COMMON_BLOCKS = YES;
				GCC_WARN_64_TO_32_BIT_CONVERSION = YES;
				GCC_WARN_ABOUT_RETURN_TYPE = YES_ERROR;
				GCC_WARN_UNDECLARED_SELECTOR = YES;
				GCC_WARN_UNINITIALIZED_AUTOS = YES_AGGRESSIVE;
				GCC_WARN_UNUSED_FUNCTION = YES;
				GCC_WARN_UNUSED_VARIABLE = YES;
				IPHONEOS_DEPLOYMENT_TARGET = 16.2;
				MTL_ENABLE_DEBUG_INFO = NO;
				MTL_FAST_MATH = YES;
				SDKROOT = iphoneos;
				SWIFT_COMPILATION_MODE = wholemodule;
				SWIFT_OPTIMIZATION_LEVEL = "-O";
				VALIDATE_PRODUCT = YES;
			};
			name = Release;
		};
		6DD933CB2AEA4ABC00D16DE4 /* Debug */ = {
			isa = XCBuildConfiguration;
			buildSettings = {
				ASSETCATALOG_COMPILER_APPICON_NAME = AppIcon;
				ASSETCATALOG_COMPILER_GLOBAL_ACCENT_COLOR_NAME = AccentColor;
				CODE_SIGN_STYLE = Automatic;
				CURRENT_PROJECT_VERSION = 1;
				GENERATE_INFOPLIST_FILE = YES;
				INFOPLIST_FILE = Quotes/Info.plist;
				INFOPLIST_KEY_UIApplicationSupportsIndirectInputEvents = YES;
				INFOPLIST_KEY_UILaunchStoryboardName = LaunchScreen;
				INFOPLIST_KEY_UIMainStoryboardFile = Main;
				INFOPLIST_KEY_UISupportedInterfaceOrientations_iPad = "UIInterfaceOrientationPortrait UIInterfaceOrientationPortraitUpsideDown UIInterfaceOrientationLandscapeLeft UIInterfaceOrientationLandscapeRight";
				INFOPLIST_KEY_UISupportedInterfaceOrientations_iPhone = "UIInterfaceOrientationPortrait UIInterfaceOrientationLandscapeLeft UIInterfaceOrientationLandscapeRight";
				LD_RUNPATH_SEARCH_PATHS = (
					"$(inherited)",
					"@executable_path/Frameworks",
				);
				MARKETING_VERSION = 1.0;
				PRODUCT_BUNDLE_IDENTIFIER = com.Viu.Temp.Quotes;
				PRODUCT_NAME = "$(TARGET_NAME)";
				SWIFT_EMIT_LOC_STRINGS = YES;
				SWIFT_VERSION = 5.0;
				TARGETED_DEVICE_FAMILY = "1,2";
			};
			name = Debug;
		};
		6DD933CC2AEA4ABC00D16DE4 /* Release */ = {
			isa = XCBuildConfiguration;
			buildSettings = {
				ASSETCATALOG_COMPILER_APPICON_NAME = AppIcon;
				ASSETCATALOG_COMPILER_GLOBAL_ACCENT_COLOR_NAME = AccentColor;
				CODE_SIGN_STYLE = Automatic;
				CURRENT_PROJECT_VERSION = 1;
				GENERATE_INFOPLIST_FILE = YES;
				INFOPLIST_FILE = Quotes/Info.plist;
				INFOPLIST_KEY_UIApplicationSupportsIndirectInputEvents = YES;
				INFOPLIST_KEY_UILaunchStoryboardName = LaunchScreen;
				INFOPLIST_KEY_UIMainStoryboardFile = Main;
				INFOPLIST_KEY_UISupportedInterfaceOrientations_iPad = "UIInterfaceOrientationPortrait UIInterfaceOrientationPortraitUpsideDown UIInterfaceOrientationLandscapeLeft UIInterfaceOrientationLandscapeRight";
				INFOPLIST_KEY_UISupportedInterfaceOrientations_iPhone = "UIInterfaceOrientationPortrait UIInterfaceOrientationLandscapeLeft UIInterfaceOrientationLandscapeRight";
				LD_RUNPATH_SEARCH_PATHS = (
					"$(inherited)",
					"@executable_path/Frameworks",
				);
				MARKETING_VERSION = 1.0;
				PRODUCT_BUNDLE_IDENTIFIER = com.Viu.Temp.Quotes;
				PRODUCT_NAME = "$(TARGET_NAME)";
				SWIFT_EMIT_LOC_STRINGS = YES;
				SWIFT_VERSION = 5.0;
				TARGETED_DEVICE_FAMILY = "1,2";
			};
			name = Release;
		};
		6DD933CE2AEA4ABC00D16DE4 /* Debug */ = {
			isa = XCBuildConfiguration;
			buildSettings = {
				ALWAYS_EMBED_SWIFT_STANDARD_LIBRARIES = YES;
				BUNDLE_LOADER = "$(TEST_HOST)";
				CODE_SIGN_STYLE = Automatic;
				CURRENT_PROJECT_VERSION = 1;
				GENERATE_INFOPLIST_FILE = YES;
				IPHONEOS_DEPLOYMENT_TARGET = 16.2;
				MARKETING_VERSION = 1.0;
				PRODUCT_BUNDLE_IDENTIFIER = com.Viu.Temp.QuotesTests;
				PRODUCT_NAME = "$(TARGET_NAME)";
				SWIFT_EMIT_LOC_STRINGS = NO;
				SWIFT_VERSION = 5.0;
				TARGETED_DEVICE_FAMILY = "1,2";
				TEST_HOST = "$(BUILT_PRODUCTS_DIR)/Quotes.app/$(BUNDLE_EXECUTABLE_FOLDER_PATH)/Quotes";
			};
			name = Debug;
		};
		6DD933CF2AEA4ABC00D16DE4 /* Release */ = {
			isa = XCBuildConfiguration;
			buildSettings = {
				ALWAYS_EMBED_SWIFT_STANDARD_LIBRARIES = YES;
				BUNDLE_LOADER = "$(TEST_HOST)";
				CODE_SIGN_STYLE = Automatic;
				CURRENT_PROJECT_VERSION = 1;
				GENERATE_INFOPLIST_FILE = YES;
				IPHONEOS_DEPLOYMENT_TARGET = 16.2;
				MARKETING_VERSION = 1.0;
				PRODUCT_BUNDLE_IDENTIFIER = com.Viu.Temp.QuotesTests;
				PRODUCT_NAME = "$(TARGET_NAME)";
				SWIFT_EMIT_LOC_STRINGS = NO;
				SWIFT_VERSION = 5.0;
				TARGETED_DEVICE_FAMILY = "1,2";
				TEST_HOST = "$(BUILT_PRODUCTS_DIR)/Quotes.app/$(BUNDLE_EXECUTABLE_FOLDER_PATH)/Quotes";
			};
			name = Release;
		};
		6DD933D12AEA4ABC00D16DE4 /* Debug */ = {
			isa = XCBuildConfiguration;
			buildSettings = {
				ALWAYS_EMBED_SWIFT_STANDARD_LIBRARIES = YES;
				CODE_SIGN_STYLE = Automatic;
				CURRENT_PROJECT_VERSION = 1;
				GENERATE_INFOPLIST_FILE = YES;
				MARKETING_VERSION = 1.0;
				PRODUCT_BUNDLE_IDENTIFIER = com.Viu.Temp.QuotesUITests;
				PRODUCT_NAME = "$(TARGET_NAME)";
				SWIFT_EMIT_LOC_STRINGS = NO;
				SWIFT_VERSION = 5.0;
				TARGETED_DEVICE_FAMILY = "1,2";
				TEST_TARGET_NAME = Quotes;
			};
			name = Debug;
		};
		6DD933D22AEA4ABC00D16DE4 /* Release */ = {
			isa = XCBuildConfiguration;
			buildSettings = {
				ALWAYS_EMBED_SWIFT_STANDARD_LIBRARIES = YES;
				CODE_SIGN_STYLE = Automatic;
				CURRENT_PROJECT_VERSION = 1;
				GENERATE_INFOPLIST_FILE = YES;
				MARKETING_VERSION = 1.0;
				PRODUCT_BUNDLE_IDENTIFIER = com.Viu.Temp.QuotesUITests;
				PRODUCT_NAME = "$(TARGET_NAME)";
				SWIFT_EMIT_LOC_STRINGS = NO;
				SWIFT_VERSION = 5.0;
				TARGETED_DEVICE_FAMILY = "1,2";
				TEST_TARGET_NAME = Quotes;
			};
			name = Release;
		};
/* End XCBuildConfiguration section */

/* Begin XCConfigurationList section */
		6DD9339B2AEA4AB900D16DE4 /* Build configuration list for PBXProject "Quotes" */ = {
			isa = XCConfigurationList;
			buildConfigurations = (
				6DD933C82AEA4ABC00D16DE4 /* Debug */,
				6DD933C92AEA4ABC00D16DE4 /* Release */,
			);
			defaultConfigurationIsVisible = 0;
			defaultConfigurationName = Release;
		};
		6DD933CA2AEA4ABC00D16DE4 /* Build configuration list for PBXNativeTarget "Quotes" */ = {
			isa = XCConfigurationList;
			buildConfigurations = (
				6DD933CB2AEA4ABC00D16DE4 /* Debug */,
				6DD933CC2AEA4ABC00D16DE4 /* Release */,
			);
			defaultConfigurationIsVisible = 0;
			defaultConfigurationName = Release;
		};
		6DD933CD2AEA4ABC00D16DE4 /* Build configuration list for PBXNativeTarget "QuotesTests" */ = {
			isa = XCConfigurationList;
			buildConfigurations = (
				6DD933CE2AEA4ABC00D16DE4 /* Debug */,
				6DD933CF2AEA4ABC00D16DE4 /* Release */,
			);
			defaultConfigurationIsVisible = 0;
			defaultConfigurationName = Release;
		};
		6DD933D02AEA4ABC00D16DE4 /* Build configuration list for PBXNativeTarget "QuotesUITests" */ = {
			isa = XCConfigurationList;
			buildConfigurations = (
				6DD933D12AEA4ABC00D16DE4 /* Debug */,
				6DD933D22AEA4ABC00D16DE4 /* Release */,
			);
			defaultConfigurationIsVisible = 0;
			defaultConfigurationName = Release;
		};
/* End XCConfigurationList section */
	};
	rootObject = 6DD933982AEA4AB900D16DE4 /* Project object */;
}
