// !$*UTF8*$!
{
	archiveVersion = 1;
	classes = {
	};
	objectVersion = 56;
	objects = {

/* Begin PBXBuildFile section */
		6D8E6A7F2AE50D730017B625 /* AppDelegate.swift in Sources */ = {isa = PBXBuildFile; fileRef = 6D8E6A7E2AE50D730017B625 /* AppDelegate.swift */; };
		6D8E6A812AE50D730017B625 /* SceneDelegate.swift in Sources */ = {isa = PBXBuildFile; fileRef = 6D8E6A802AE50D730017B625 /* SceneDelegate.swift */; };
		6D8E6A832AE50D730017B625 /* ViewController.swift in Sources */ = {isa = PBXBuildFile; fileRef = 6D8E6A822AE50D730017B625 /* ViewController.swift */; };
		6D8E6A862AE50D730017B625 /* Main.storyboard in Resources */ = {isa = PBXBuildFile; fileRef = 6D8E6A842AE50D730017B625 /* Main.storyboard */; };
		6D8E6A882AE50D750017B625 /* Assets.xcassets in Resources */ = {isa = PBXBuildFile; fileRef = 6D8E6A872AE50D750017B625 /* Assets.xcassets */; };
		6D8E6A8B2AE50D750017B625 /* LaunchScreen.storyboard in Resources */ = {isa = PBXBuildFile; fileRef = 6D8E6A892AE50D750017B625 /* LaunchScreen.storyboard */; };
		6D8E6A962AE50D750017B625 /* TempProjectTests.swift in Sources */ = {isa = PBXBuildFile; fileRef = 6D8E6A952AE50D750017B625 /* TempProjectTests.swift */; };
		6D8E6AA02AE50D760017B625 /* TempProjectUITests.swift in Sources */ = {isa = PBXBuildFile; fileRef = 6D8E6A9F2AE50D760017B625 /* TempProjectUITests.swift */; };
		6D8E6AA22AE50D760017B625 /* TempProjectUITestsLaunchTests.swift in Sources */ = {isa = PBXBuildFile; fileRef = 6D8E6AA12AE50D760017B625 /* TempProjectUITestsLaunchTests.swift */; };
/* End PBXBuildFile section */

/* Begin PBXContainerItemProxy section */
		6D8E6A922AE50D750017B625 /* PBXContainerItemProxy */ = {
			isa = PBXContainerItemProxy;
			containerPortal = 6D8E6A732AE50D730017B625 /* Project object */;
			proxyType = 1;
			remoteGlobalIDString = 6D8E6A7A2AE50D730017B625;
			remoteInfo = TempProject;
		};
		6D8E6A9C2AE50D760017B625 /* PBXContainerItemProxy */ = {
			isa = PBXContainerItemProxy;
			containerPortal = 6D8E6A732AE50D730017B625 /* Project object */;
			proxyType = 1;
			remoteGlobalIDString = 6D8E6A7A2AE50D730017B625;
			remoteInfo = TempProject;
		};
/* End PBXContainerItemProxy section */

/* Begin PBXFileReference section */
		6D8E6A7B2AE50D730017B625 /* TempProject.app */ = {isa = PBXFileReference; explicitFileType = wrapper.application; includeInIndex = 0; path = TempProject.app; sourceTree = BUILT_PRODUCTS_DIR; };
		6D8E6A7E2AE50D730017B625 /* AppDelegate.swift */ = {isa = PBXFileReference; lastKnownFileType = sourcecode.swift; path = AppDelegate.swift; sourceTree = "<group>"; };
		6D8E6A802AE50D730017B625 /* SceneDelegate.swift */ = {isa = PBXFileReference; lastKnownFileType = sourcecode.swift; path = SceneDelegate.swift; sourceTree = "<group>"; };
		6D8E6A822AE50D730017B625 /* ViewController.swift */ = {isa = PBXFileReference; lastKnownFileType = sourcecode.swift; path = ViewController.swift; sourceTree = "<group>"; };
		6D8E6A852AE50D730017B625 /* Base */ = {isa = PBXFileReference; lastKnownFileType = file.storyboard; name = Base; path = Base.lproj/Main.storyboard; sourceTree = "<group>"; };
		6D8E6A872AE50D750017B625 /* Assets.xcassets */ = {isa = PBXFileReference; lastKnownFileType = folder.assetcatalog; path = Assets.xcassets; sourceTree = "<group>"; };
		6D8E6A8A2AE50D750017B625 /* Base */ = {isa = PBXFileReference; lastKnownFileType = file.storyboard; name = Base; path = Base.lproj/LaunchScreen.storyboard; sourceTree = "<group>"; };
		6D8E6A8C2AE50D750017B625 /* Info.plist */ = {isa = PBXFileReference; lastKnownFileType = text.plist.xml; path = Info.plist; sourceTree = "<group>"; };
		6D8E6A912AE50D750017B625 /* TempProjectTests.xctest */ = {isa = PBXFileReference; explicitFileType = wrapper.cfbundle; includeInIndex = 0; path = TempProjectTests.xctest; sourceTree = BUILT_PRODUCTS_DIR; };
		6D8E6A952AE50D750017B625 /* TempProjectTests.swift */ = {isa = PBXFileReference; lastKnownFileType = sourcecode.swift; path = TempProjectTests.swift; sourceTree = "<group>"; };
		6D8E6A9B2AE50D760017B625 /* TempProjectUITests.xctest */ = {isa = PBXFileReference; explicitFileType = wrapper.cfbundle; includeInIndex = 0; path = TempProjectUITests.xctest; sourceTree = BUILT_PRODUCTS_DIR; };
		6D8E6A9F2AE50D760017B625 /* TempProjectUITests.swift */ = {isa = PBXFileReference; lastKnownFileType = sourcecode.swift; path = TempProjectUITests.swift; sourceTree = "<group>"; };
		6D8E6AA12AE50D760017B625 /* TempProjectUITestsLaunchTests.swift */ = {isa = PBXFileReference; lastKnownFileType = sourcecode.swift; path = TempProjectUITestsLaunchTests.swift; sourceTree = "<group>"; };
/* End PBXFileReference section */

/* Begin PBXFrameworksBuildPhase section */
		6D8E6A782AE50D730017B625 /* Frameworks */ = {
			isa = PBXFrameworksBuildPhase;
			buildActionMask = 2147483647;
			files = (
			);
			runOnlyForDeploymentPostprocessing = 0;
		};
		6D8E6A8E2AE50D750017B625 /* Frameworks */ = {
			isa = PBXFrameworksBuildPhase;
			buildActionMask = 2147483647;
			files = (
			);
			runOnlyForDeploymentPostprocessing = 0;
		};
		6D8E6A982AE50D760017B625 /* Frameworks */ = {
			isa = PBXFrameworksBuildPhase;
			buildActionMask = 2147483647;
			files = (
			);
			runOnlyForDeploymentPostprocessing = 0;
		};
/* End PBXFrameworksBuildPhase section */

/* Begin PBXGroup section */
		6D8E6A722AE50D730017B625 = {
			isa = PBXGroup;
			children = (
				6D8E6A7D2AE50D730017B625 /* TempProject */,
				6D8E6A942AE50D750017B625 /* TempProjectTests */,
				6D8E6A9E2AE50D760017B625 /* TempProjectUITests */,
				6D8E6A7C2AE50D730017B625 /* Products */,
			);
			sourceTree = "<group>";
		};
		6D8E6A7C2AE50D730017B625 /* Products */ = {
			isa = PBXGroup;
			children = (
				6D8E6A7B2AE50D730017B625 /* TempProject.app */,
				6D8E6A912AE50D750017B625 /* TempProjectTests.xctest */,
				6D8E6A9B2AE50D760017B625 /* TempProjectUITests.xctest */,
			);
			name = Products;
			sourceTree = "<group>";
		};
		6D8E6A7D2AE50D730017B625 /* TempProject */ = {
			isa = PBXGroup;
			children = (
				6D8E6A7E2AE50D730017B625 /* AppDelegate.swift */,
				6D8E6A802AE50D730017B625 /* SceneDelegate.swift */,
				6D8E6A822AE50D730017B625 /* ViewController.swift */,
				6D8E6A842AE50D730017B625 /* Main.storyboard */,
				6D8E6A872AE50D750017B625 /* Assets.xcassets */,
				6D8E6A892AE50D750017B625 /* LaunchScreen.storyboard */,
				6D8E6A8C2AE50D750017B625 /* Info.plist */,
			);
			path = TempProject;
			sourceTree = "<group>";
		};
		6D8E6A942AE50D750017B625 /* TempProjectTests */ = {
			isa = PBXGroup;
			children = (
				6D8E6A952AE50D750017B625 /* TempProjectTests.swift */,
			);
			path = TempProjectTests;
			sourceTree = "<group>";
		};
		6D8E6A9E2AE50D760017B625 /* TempProjectUITests */ = {
			isa = PBXGroup;
			children = (
				6D8E6A9F2AE50D760017B625 /* TempProjectUITests.swift */,
				6D8E6AA12AE50D760017B625 /* TempProjectUITestsLaunchTests.swift */,
			);
			path = TempProjectUITests;
			sourceTree = "<group>";
		};
/* End PBXGroup section */

/* Begin PBXNativeTarget section */
		6D8E6A7A2AE50D730017B625 /* TempProject */ = {
			isa = PBXNativeTarget;
			buildConfigurationList = 6D8E6AA52AE50D760017B625 /* Build configuration list for PBXNativeTarget "TempProject" */;
			buildPhases = (
				6D8E6A772AE50D730017B625 /* Sources */,
				6D8E6A782AE50D730017B625 /* Frameworks */,
				6D8E6A792AE50D730017B625 /* Resources */,
			);
			buildRules = (
			);
			dependencies = (
			);
			name = TempProject;
			productName = TempProject;
			productReference = 6D8E6A7B2AE50D730017B625 /* TempProject.app */;
			productType = "com.apple.product-type.application";
		};
		6D8E6A902AE50D750017B625 /* TempProjectTests */ = {
			isa = PBXNativeTarget;
			buildConfigurationList = 6D8E6AA82AE50D760017B625 /* Build configuration list for PBXNativeTarget "TempProjectTests" */;
			buildPhases = (
				6D8E6A8D2AE50D750017B625 /* Sources */,
				6D8E6A8E2AE50D750017B625 /* Frameworks */,
				6D8E6A8F2AE50D750017B625 /* Resources */,
			);
			buildRules = (
			);
			dependencies = (
				6D8E6A932AE50D750017B625 /* PBXTargetDependency */,
			);
			name = TempProjectTests;
			productName = TempProjectTests;
			productReference = 6D8E6A912AE50D750017B625 /* TempProjectTests.xctest */;
			productType = "com.apple.product-type.bundle.unit-test";
		};
		6D8E6A9A2AE50D760017B625 /* TempProjectUITests */ = {
			isa = PBXNativeTarget;
			buildConfigurationList = 6D8E6AAB2AE50D760017B625 /* Build configuration list for PBXNativeTarget "TempProjectUITests" */;
			buildPhases = (
				6D8E6A972AE50D760017B625 /* Sources */,
				6D8E6A982AE50D760017B625 /* Frameworks */,
				6D8E6A992AE50D760017B625 /* Resources */,
			);
			buildRules = (
			);
			dependencies = (
				6D8E6A9D2AE50D760017B625 /* PBXTargetDependency */,
			);
			name = TempProjectUITests;
			productName = TempProjectUITests;
			productReference = 6D8E6A9B2AE50D760017B625 /* TempProjectUITests.xctest */;
			productType = "com.apple.product-type.bundle.ui-testing";
		};
/* End PBXNativeTarget section */

/* Begin PBXProject section */
		6D8E6A732AE50D730017B625 /* Project object */ = {
			isa = PBXProject;
			attributes = {
				BuildIndependentTargetsInParallel = 1;
				LastSwiftUpdateCheck = 1420;
				LastUpgradeCheck = 1420;
				TargetAttributes = {
					6D8E6A7A2AE50D730017B625 = {
						CreatedOnToolsVersion = 14.2;
					};
					6D8E6A902AE50D750017B625 = {
						CreatedOnToolsVersion = 14.2;
						TestTargetID = 6D8E6A7A2AE50D730017B625;
					};
					6D8E6A9A2AE50D760017B625 = {
						CreatedOnToolsVersion = 14.2;
						TestTargetID = 6D8E6A7A2AE50D730017B625;
					};
				};
			};
			buildConfigurationList = 6D8E6A762AE50D730017B625 /* Build configuration list for PBXProject "TempProject" */;
			compatibilityVersion = "Xcode 14.0";
			developmentRegion = en;
			hasScannedForEncodings = 0;
			knownRegions = (
				en,
				Base,
			);
			mainGroup = 6D8E6A722AE50D730017B625;
			productRefGroup = 6D8E6A7C2AE50D730017B625 /* Products */;
			projectDirPath = "";
			projectRoot = "";
			targets = (
				6D8E6A7A2AE50D730017B625 /* TempProject */,
				6D8E6A902AE50D750017B625 /* TempProjectTests */,
				6D8E6A9A2AE50D760017B625 /* TempProjectUITests */,
			);
		};
/* End PBXProject section */

/* Begin PBXResourcesBuildPhase section */
		6D8E6A792AE50D730017B625 /* Resources */ = {
			isa = PBXResourcesBuildPhase;
			buildActionMask = 2147483647;
			files = (
				6D8E6A8B2AE50D750017B625 /* LaunchScreen.storyboard in Resources */,
				6D8E6A882AE50D750017B625 /* Assets.xcassets in Resources */,
				6D8E6A862AE50D730017B625 /* Main.storyboard in Resources */,
			);
			runOnlyForDeploymentPostprocessing = 0;
		};
		6D8E6A8F2AE50D750017B625 /* Resources */ = {
			isa = PBXResourcesBuildPhase;
			buildActionMask = 2147483647;
			files = (
			);
			runOnlyForDeploymentPostprocessing = 0;
		};
		6D8E6A992AE50D760017B625 /* Resources */ = {
			isa = PBXResourcesBuildPhase;
			buildActionMask = 2147483647;
			files = (
			);
			runOnlyForDeploymentPostprocessing = 0;
		};
/* End PBXResourcesBuildPhase section */

/* Begin PBXSourcesBuildPhase section */
		6D8E6A772AE50D730017B625 /* Sources */ = {
			isa = PBXSourcesBuildPhase;
			buildActionMask = 2147483647;
			files = (
				6D8E6A832AE50D730017B625 /* ViewController.swift in Sources */,
				6D8E6A7F2AE50D730017B625 /* AppDelegate.swift in Sources */,
				6D8E6A812AE50D730017B625 /* SceneDelegate.swift in Sources */,
			);
			runOnlyForDeploymentPostprocessing = 0;
		};
		6D8E6A8D2AE50D750017B625 /* Sources */ = {
			isa = PBXSourcesBuildPhase;
			buildActionMask = 2147483647;
			files = (
				6D8E6A962AE50D750017B625 /* TempProjectTests.swift in Sources */,
			);
			runOnlyForDeploymentPostprocessing = 0;
		};
		6D8E6A972AE50D760017B625 /* Sources */ = {
			isa = PBXSourcesBuildPhase;
			buildActionMask = 2147483647;
			files = (
				6D8E6AA22AE50D760017B625 /* TempProjectUITestsLaunchTests.swift in Sources */,
				6D8E6AA02AE50D760017B625 /* TempProjectUITests.swift in Sources */,
			);
			runOnlyForDeploymentPostprocessing = 0;
		};
/* End PBXSourcesBuildPhase section */

/* Begin PBXTargetDependency section */
		6D8E6A932AE50D750017B625 /* PBXTargetDependency */ = {
			isa = PBXTargetDependency;
			target = 6D8E6A7A2AE50D730017B625 /* TempProject */;
			targetProxy = 6D8E6A922AE50D750017B625 /* PBXContainerItemProxy */;
		};
		6D8E6A9D2AE50D760017B625 /* PBXTargetDependency */ = {
			isa = PBXTargetDependency;
			target = 6D8E6A7A2AE50D730017B625 /* TempProject */;
			targetProxy = 6D8E6A9C2AE50D760017B625 /* PBXContainerItemProxy */;
		};
/* End PBXTargetDependency section */

/* Begin PBXVariantGroup section */
		6D8E6A842AE50D730017B625 /* Main.storyboard */ = {
			isa = PBXVariantGroup;
			children = (
				6D8E6A852AE50D730017B625 /* Base */,
			);
			name = Main.storyboard;
			sourceTree = "<group>";
		};
		6D8E6A892AE50D750017B625 /* LaunchScreen.storyboard */ = {
			isa = PBXVariantGroup;
			children = (
				6D8E6A8A2AE50D750017B625 /* Base */,
			);
			name = LaunchScreen.storyboard;
			sourceTree = "<group>";
		};
/* End PBXVariantGroup section */

/* Begin XCBuildConfiguration section */
		6D8E6AA32AE50D760017B625 /* Debug */ = {
			isa = XCBuildConfiguration;
			buildSettings = {
				ALWAYS_SEARCH_USER_PATHS = NO;
				CLANG_ANALYZER_NONNULL = YES;
				CLANG_ANALYZER_NUMBER_OBJECT_CONVERSION = YES_AGGRESSIVE;
				CLANG_CXX_LANGUAGE_STANDARD = "gnu++20";
				CLANG_ENABLE_MODULES = YES;
				CLANG_ENABLE_OBJC_ARC = YES;
				CLANG_ENABLE_OBJC_WEAK = YES;
				CLANG_WARN_BLOCK_CAPTURE_AUTORELEASING = YES;
				CLANG_WARN_BOOL_CONVERSION = YES;
				CLANG_WARN_COMMA = YES;
				CLANG_WARN_CONSTANT_CONVERSION = YES;
				CLANG_WARN_DEPRECATED_OBJC_IMPLEMENTATIONS = YES;
				CLANG_WARN_DIRECT_OBJC_ISA_USAGE = YES_ERROR;
				CLANG_WARN_DOCUMENTATION_COMMENTS = YES;
				CLANG_WARN_EMPTY_BODY = YES;
				CLANG_WARN_ENUM_CONVERSION = YES;
				CLANG_WARN_INFINITE_RECURSION = YES;
				CLANG_WARN_INT_CONVERSION = YES;
				CLANG_WARN_NON_LITERAL_NULL_CONVERSION = YES;
				CLANG_WARN_OBJC_IMPLICIT_RETAIN_SELF = YES;
				CLANG_WARN_OBJC_LITERAL_CONVERSION = YES;
				CLANG_WARN_OBJC_ROOT_CLASS = YES_ERROR;
				CLANG_WARN_QUOTED_INCLUDE_IN_FRAMEWORK_HEADER = YES;
				CLANG_WARN_RANGE_LOOP_ANALYSIS = YES;
				CLANG_WARN_STRICT_PROTOTYPES = YES;
				CLANG_WARN_SUSPICIOUS_MOVE = YES;
				CLANG_WARN_UNGUARDED_AVAILABILITY = YES_AGGRESSIVE;
				CLANG_WARN_UNREACHABLE_CODE = YES;
				CLANG_WARN__DUPLICATE_METHOD_MATCH = YES;
				COPY_PHASE_STRIP = NO;
				DEBUG_INFORMATION_FORMAT = dwarf;
				ENABLE_STRICT_OBJC_MSGSEND = YES;
				ENABLE_TESTABILITY = YES;
				GCC_C_LANGUAGE_STANDARD = gnu11;
				GCC_DYNAMIC_NO_PIC = NO;
				GCC_NO_COMMON_BLOCKS = YES;
				GCC_OPTIMIZATION_LEVEL = 0;
				GCC_PREPROCESSOR_DEFINITIONS = (
					"DEBUG=1",
					"$(inherited)",
				);
				GCC_WARN_64_TO_32_BIT_CONVERSION = YES;
				GCC_WARN_ABOUT_RETURN_TYPE = YES_ERROR;
				GCC_WARN_UNDECLARED_SELECTOR = YES;
				GCC_WARN_UNINITIALIZED_AUTOS = YES_AGGRESSIVE;
				GCC_WARN_UNUSED_FUNCTION = YES;
				GCC_WARN_UNUSED_VARIABLE = YES;
				IPHONEOS_DEPLOYMENT_TARGET = 16.2;
				MTL_ENABLE_DEBUG_INFO = INCLUDE_SOURCE;
				MTL_FAST_MATH = YES;
				ONLY_ACTIVE_ARCH = YES;
				SDKROOT = iphoneos;
				SWIFT_ACTIVE_COMPILATION_CONDITIONS = DEBUG;
				SWIFT_OPTIMIZATION_LEVEL = "-Onone";
			};
			name = Debug;
		};
		6D8E6AA42AE50D760017B625 /* Release */ = {
			isa = XCBuildConfiguration;
			buildSettings = {
				ALWAYS_SEARCH_USER_PATHS = NO;
				CLANG_ANALYZER_NONNULL = YES;
				CLANG_ANALYZER_NUMBER_OBJECT_CONVERSION = YES_AGGRESSIVE;
				CLANG_CXX_LANGUAGE_STANDARD = "gnu++20";
				CLANG_ENABLE_MODULES = YES;
				CLANG_ENABLE_OBJC_ARC = YES;
				CLANG_ENABLE_OBJC_WEAK = YES;
				CLANG_WARN_BLOCK_CAPTURE_AUTORELEASING = YES;
				CLANG_WARN_BOOL_CONVERSION = YES;
				CLANG_WARN_COMMA = YES;
				CLANG_WARN_CONSTANT_CONVERSION = YES;
				CLANG_WARN_DEPRECATED_OBJC_IMPLEMENTATIONS = YES;
				CLANG_WARN_DIRECT_OBJC_ISA_USAGE = YES_ERROR;
				CLANG_WARN_DOCUMENTATION_COMMENTS = YES;
				CLANG_WARN_EMPTY_BODY = YES;
				CLANG_WARN_ENUM_CONVERSION = YES;
				CLANG_WARN_INFINITE_RECURSION = YES;
				CLANG_WARN_INT_CONVERSION = YES;
				CLANG_WARN_NON_LITERAL_NULL_CONVERSION = YES;
				CLANG_WARN_OBJC_IMPLICIT_RETAIN_SELF = YES;
				CLANG_WARN_OBJC_LITERAL_CONVERSION = YES;
				CLANG_WARN_OBJC_ROOT_CLASS = YES_ERROR;
				CLANG_WARN_QUOTED_INCLUDE_IN_FRAMEWORK_HEADER = YES;
				CLANG_WARN_RANGE_LOOP_ANALYSIS = YES;
				CLANG_WARN_STRICT_PROTOTYPES = YES;
				CLANG_WARN_SUSPICIOUS_MOVE = YES;
				CLANG_WARN_UNGUARDED_AVAILABILITY = YES_AGGRESSIVE;
				CLANG_WARN_UNREACHABLE_CODE = YES;
				CLANG_WARN__DUPLICATE_METHOD_MATCH = YES;
				COPY_PHASE_STRIP = NO;
				DEBUG_INFORMATION_FORMAT = "dwarf-with-dsym";
				ENABLE_NS_ASSERTIONS = NO;
				ENABLE_STRICT_OBJC_MSGSEND = YES;
				GCC_C_LANGUAGE_STANDARD = gnu11;
				GCC_NO_COMMON_BLOCKS = YES;
				GCC_WARN_64_TO_32_BIT_CONVERSION = YES;
				GCC_WARN_ABOUT_RETURN_TYPE = YES_ERROR;
				GCC_WARN_UNDECLARED_SELECTOR = YES;
				GCC_WARN_UNINITIALIZED_AUTOS = YES_AGGRESSIVE;
				GCC_WARN_UNUSED_FUNCTION = YES;
				GCC_WARN_UNUSED_VARIABLE = YES;
				IPHONEOS_DEPLOYMENT_TARGET = 16.2;
				MTL_ENABLE_DEBUG_INFO = NO;
				MTL_FAST_MATH = YES;
				SDKROOT = iphoneos;
				SWIFT_COMPILATION_MODE = wholemodule;
				SWIFT_OPTIMIZATION_LEVEL = "-O";
				VALIDATE_PRODUCT = YES;
			};
			name = Release;
		};
		6D8E6AA62AE50D760017B625 /* Debug */ = {
			isa = XCBuildConfiguration;
			buildSettings = {
				ASSETCATALOG_COMPILER_APPICON_NAME = AppIcon;
				ASSETCATALOG_COMPILER_GLOBAL_ACCENT_COLOR_NAME = AccentColor;
				CODE_SIGN_STYLE = Automatic;
				CURRENT_PROJECT_VERSION = 1;
				GENERATE_INFOPLIST_FILE = YES;
				INFOPLIST_FILE = TempProject/Info.plist;
				INFOPLIST_KEY_UIApplicationSupportsIndirectInputEvents = YES;
				INFOPLIST_KEY_UILaunchStoryboardName = LaunchScreen;
				INFOPLIST_KEY_UIMainStoryboardFile = Main;
				INFOPLIST_KEY_UISupportedInterfaceOrientations_iPad = "UIInterfaceOrientationPortrait UIInterfaceOrientationPortraitUpsideDown UIInterfaceOrientationLandscapeLeft UIInterfaceOrientationLandscapeRight";
				INFOPLIST_KEY_UISupportedInterfaceOrientations_iPhone = "UIInterfaceOrientationPortrait UIInterfaceOrientationLandscapeLeft UIInterfaceOrientationLandscapeRight";
				LD_RUNPATH_SEARCH_PATHS = (
					"$(inherited)",
					"@executable_path/Frameworks",
				);
				MARKETING_VERSION = 1.0;
				PRODUCT_BUNDLE_IDENTIFIER = com.Viu.Temp.TempProject;
				PRODUCT_NAME = "$(TARGET_NAME)";
				SWIFT_EMIT_LOC_STRINGS = YES;
				SWIFT_VERSION = 5.0;
				TARGETED_DEVICE_FAMILY = "1,2";
			};
			name = Debug;
		};
		6D8E6AA72AE50D760017B625 /* Release */ = {
			isa = XCBuildConfiguration;
			buildSettings = {
				ASSETCATALOG_COMPILER_APPICON_NAME = AppIcon;
				ASSETCATALOG_COMPILER_GLOBAL_ACCENT_COLOR_NAME = AccentColor;
				CODE_SIGN_STYLE = Automatic;
				CURRENT_PROJECT_VERSION = 1;
				GENERATE_INFOPLIST_FILE = YES;
				INFOPLIST_FILE = TempProject/Info.plist;
				INFOPLIST_KEY_UIApplicationSupportsIndirectInputEvents = YES;
				INFOPLIST_KEY_UILaunchStoryboardName = LaunchScreen;
				INFOPLIST_KEY_UIMainStoryboardFile = Main;
				INFOPLIST_KEY_UISupportedInterfaceOrientations_iPad = "UIInterfaceOrientationPortrait UIInterfaceOrientationPortraitUpsideDown UIInterfaceOrientationLandscapeLeft UIInterfaceOrientationLandscapeRight";
				INFOPLIST_KEY_UISupportedInterfaceOrientations_iPhone = "UIInterfaceOrientationPortrait UIInterfaceOrientationLandscapeLeft UIInterfaceOrientationLandscapeRight";
				LD_RUNPATH_SEARCH_PATHS = (
					"$(inherited)",
					"@executable_path/Frameworks",
				);
				MARKETING_VERSION = 1.0;
				PRODUCT_BUNDLE_IDENTIFIER = com.Viu.Temp.TempProject;
				PRODUCT_NAME = "$(TARGET_NAME)";
				SWIFT_EMIT_LOC_STRINGS = YES;
				SWIFT_VERSION = 5.0;
				TARGETED_DEVICE_FAMILY = "1,2";
			};
			name = Release;
		};
		6D8E6AA92AE50D760017B625 /* Debug */ = {
			isa = XCBuildConfiguration;
			buildSettings = {
				ALWAYS_EMBED_SWIFT_STANDARD_LIBRARIES = YES;
				BUNDLE_LOADER = "$(TEST_HOST)";
				CODE_SIGN_STYLE = Automatic;
				CURRENT_PROJECT_VERSION = 1;
				GENERATE_INFOPLIST_FILE = YES;
				IPHONEOS_DEPLOYMENT_TARGET = 16.2;
				MARKETING_VERSION = 1.0;
				PRODUCT_BUNDLE_IDENTIFIER = com.Viu.Temp.TempProjectTests;
				PRODUCT_NAME = "$(TARGET_NAME)";
				SWIFT_EMIT_LOC_STRINGS = NO;
				SWIFT_VERSION = 5.0;
				TARGETED_DEVICE_FAMILY = "1,2";
				TEST_HOST = "$(BUILT_PRODUCTS_DIR)/TempProject.app/$(BUNDLE_EXECUTABLE_FOLDER_PATH)/TempProject";
			};
			name = Debug;
		};
		6D8E6AAA2AE50D760017B625 /* Release */ = {
			isa = XCBuildConfiguration;
			buildSettings = {
				ALWAYS_EMBED_SWIFT_STANDARD_LIBRARIES = YES;
				BUNDLE_LOADER = "$(TEST_HOST)";
				CODE_SIGN_STYLE = Automatic;
				CURRENT_PROJECT_VERSION = 1;
				GENERATE_INFOPLIST_FILE = YES;
				IPHONEOS_DEPLOYMENT_TARGET = 16.2;
				MARKETING_VERSION = 1.0;
				PRODUCT_BUNDLE_IDENTIFIER = com.Viu.Temp.TempProjectTests;
				PRODUCT_NAME = "$(TARGET_NAME)";
				SWIFT_EMIT_LOC_STRINGS = NO;
				SWIFT_VERSION = 5.0;
				TARGETED_DEVICE_FAMILY = "1,2";
				TEST_HOST = "$(BUILT_PRODUCTS_DIR)/TempProject.app/$(BUNDLE_EXECUTABLE_FOLDER_PATH)/TempProject";
			};
			name = Release;
		};
		6D8E6AAC2AE50D760017B625 /* Debug */ = {
			isa = XCBuildConfiguration;
			buildSettings = {
				ALWAYS_EMBED_SWIFT_STANDARD_LIBRARIES = YES;
				CODE_SIGN_STYLE = Automatic;
				CURRENT_PROJECT_VERSION = 1;
				GENERATE_INFOPLIST_FILE = YES;
				MARKETING_VERSION = 1.0;
				PRODUCT_BUNDLE_IDENTIFIER = com.Viu.Temp.TempProjectUITests;
				PRODUCT_NAME = "$(TARGET_NAME)";
				SWIFT_EMIT_LOC_STRINGS = NO;
				SWIFT_VERSION = 5.0;
				TARGETED_DEVICE_FAMILY = "1,2";
				TEST_TARGET_NAME = TempProject;
			};
			name = Debug;
		};
		6D8E6AAD2AE50D760017B625 /* Release */ = {
			isa = XCBuildConfiguration;
			buildSettings = {
				ALWAYS_EMBED_SWIFT_STANDARD_LIBRARIES = YES;
				CODE_SIGN_STYLE = Automatic;
				CURRENT_PROJECT_VERSION = 1;
				GENERATE_INFOPLIST_FILE = YES;
				MARKETING_VERSION = 1.0;
				PRODUCT_BUNDLE_IDENTIFIER = com.Viu.Temp.TempProjectUITests;
				PRODUCT_NAME = "$(TARGET_NAME)";
				SWIFT_EMIT_LOC_STRINGS = NO;
				SWIFT_VERSION = 5.0;
				TARGETED_DEVICE_FAMILY = "1,2";
				TEST_TARGET_NAME = TempProject;
			};
			name = Release;
		};
/* End XCBuildConfiguration section */

/* Begin XCConfigurationList section */
		6D8E6A762AE50D730017B625 /* Build configuration list for PBXProject "TempProject" */ = {
			isa = XCConfigurationList;
			buildConfigurations = (
				6D8E6AA32AE50D760017B625 /* Debug */,
				6D8E6AA42AE50D760017B625 /* Release */,
			);
			defaultConfigurationIsVisible = 0;
			defaultConfigurationName = Release;
		};
		6D8E6AA52AE50D760017B625 /* Build configuration list for PBXNativeTarget "TempProject" */ = {
			isa = XCConfigurationList;
			buildConfigurations = (
				6D8E6AA62AE50D760017B625 /* Debug */,
				6D8E6AA72AE50D760017B625 /* Release */,
			);
			defaultConfigurationIsVisible = 0;
			defaultConfigurationName = Release;
		};
		6D8E6AA82AE50D760017B625 /* Build configuration list for PBXNativeTarget "TempProjectTests" */ = {
			isa = XCConfigurationList;
			buildConfigurations = (
				6D8E6AA92AE50D760017B625 /* Debug */,
				6D8E6AAA2AE50D760017B625 /* Release */,
			);
			defaultConfigurationIsVisible = 0;
			defaultConfigurationName = Release;
		};
		6D8E6AAB2AE50D760017B625 /* Build configuration list for PBXNativeTarget "TempProjectUITests" */ = {
			isa = XCConfigurationList;
			buildConfigurations = (
				6D8E6AAC2AE50D760017B625 /* Debug */,
				6D8E6AAD2AE50D760017B625 /* Release */,
			);
			defaultConfigurationIsVisible = 0;
			defaultConfigurationName = Release;
		};
/* End XCConfigurationList section */
	};
	rootObject = 6D8E6A732AE50D730017B625 /* Project object */;
}
